// !$*UTF8*$!
{
	archiveVersion = 1;
	classes = {
	};
	objectVersion = 46;
	objects = {

/* Begin PBXAggregateTarget section */
		A6D928E21ACBE881009C4365 /* All MSNet WO451 */ = {
			isa = PBXAggregateTarget;
			buildConfigurationList = A6D928E31ACBE881009C4365 /* Build configuration list for PBXAggregateTarget "All MSNet WO451" */;
			buildPhases = (
			);
			dependencies = (
				A6D928E71ACBE888009C4365 /* PBXTargetDependency */,
				A6D928E91ACBE888009C4365 /* PBXTargetDependency */,
				A6D928EB1ACBE888009C4365 /* PBXTargetDependency */,
			);
			name = "All MSNet WO451";
			productName = "All MSNet WO451";
		};
/* End PBXAggregateTarget section */

/* Begin PBXBuildFile section */
		A61738391A9B68D400739DB0 /* Foundation.framework in Frameworks */ = {isa = PBXBuildFile; fileRef = A6E03B8A1A767C5600A97DA3 /* Foundation.framework */; };
		A6744D5F1A9B64EB00C32812 /* default_application_login.html in Resources */ = {isa = PBXBuildFile; fileRef = A6744D131A9B64EB00C32812 /* default_application_login.html */; };
		A6744D601A9B64EB00C32812 /* default_choice_login.html in Resources */ = {isa = PBXBuildFile; fileRef = A6744D141A9B64EB00C32812 /* default_choice_login.html */; };
		A6744D8E1A9B64EB00C32812 /* loader.html in Resources */ = {isa = PBXBuildFile; fileRef = A6744D511A9B64EB00C32812 /* loader.html */; };
		A6744D8F1A9B64EB00C32812 /* mimeTypes.plist in Resources */ = {isa = PBXBuildFile; fileRef = A6744D521A9B64EB00C32812 /* mimeTypes.plist */; };
		A6744D901A9B64EB00C32812 /* paramsDict.config in Resources */ = {isa = PBXBuildFile; fileRef = A6744D531A9B64EB00C32812 /* paramsDict.config */; };
		A6744D911A9B64EB00C32812 /* usersGroups.config in Resources */ = {isa = PBXBuildFile; fileRef = A6744D541A9B64EB00C32812 /* usersGroups.config */; };
		A6744D921A9B64EB00C32812 /* version.config in Resources */ = {isa = PBXBuildFile; fileRef = A6744D551A9B64EB00C32812 /* version.config */; };
		A6744DC51A9B686F00C32812 /* MASHServer_main.m in Sources */ = {isa = PBXBuildFile; fileRef = A6744DB81A9B683800C32812 /* MASHServer_main.m */; };
		A6744DC81A9B688700C32812 /* MSNet.framework in Frameworks */ = {isa = PBXBuildFile; fileRef = A69163A81A701754001E42F4 /* MSNet.framework */; };
		A6C1F4731A9785C100811B79 /* MSNet_Private.h in Headers */ = {isa = PBXBuildFile; fileRef = A6C1F4711A9785C100811B79 /* MSNet_Private.h */; settings = {ATTRIBUTES = (Private, ); }; };
		A6C1F4741A9785C100811B79 /* MSNet.h in Headers */ = {isa = PBXBuildFile; fileRef = A6C1F4721A9785C100811B79 /* MSNet.h */; settings = {ATTRIBUTES = (Public, ); }; };
		A6C1F4761A9785E100811B79 /* MSNet_Public.h in Headers */ = {isa = PBXBuildFile; fileRef = A6C1F4751A9785E100811B79 /* MSNet_Public.h */; settings = {ATTRIBUTES = (Public, ); }; };
		A6C1F4991A9787B900811B79 /* _MSCipherPrivate.h in Headers */ = {isa = PBXBuildFile; fileRef = A6C1F4871A9787B900811B79 /* _MSCipherPrivate.h */; };
		A6C1F49A1A9787B900811B79 /* _MSDigest.h in Headers */ = {isa = PBXBuildFile; fileRef = A6C1F4881A9787B900811B79 /* _MSDigest.h */; };
		A6C1F49B1A9787B900811B79 /* _MSDigest.m in Sources */ = {isa = PBXBuildFile; fileRef = A6C1F4891A9787B900811B79 /* _MSDigest.m */; };
		A6C1F49C1A9787B900811B79 /* _RSACipher.h in Headers */ = {isa = PBXBuildFile; fileRef = A6C1F48A1A9787B900811B79 /* _RSACipher.h */; };
		A6C1F49D1A9787B900811B79 /* _RSACipher.m in Sources */ = {isa = PBXBuildFile; fileRef = A6C1F48B1A9787B900811B79 /* _RSACipher.m */; };
		A6C1F49E1A9787B900811B79 /* _SymmetricCipher.h in Headers */ = {isa = PBXBuildFile; fileRef = A6C1F48C1A9787B900811B79 /* _SymmetricCipher.h */; };
		A6C1F49F1A9787B900811B79 /* _SymmetricCipher.m in Sources */ = {isa = PBXBuildFile; fileRef = A6C1F48D1A9787B900811B79 /* _SymmetricCipher.m */; };
		A6C1F4A01A9787B900811B79 /* _SymmetricRSACipher.h in Headers */ = {isa = PBXBuildFile; fileRef = A6C1F48E1A9787B900811B79 /* _SymmetricRSACipher.h */; };
		A6C1F4A11A9787B900811B79 /* _SymmetricRSACipher.m in Sources */ = {isa = PBXBuildFile; fileRef = A6C1F48F1A9787B900811B79 /* _SymmetricRSACipher.m */; };
		A6C1F4A31A9787B900811B79 /* MSCertificate.h in Headers */ = {isa = PBXBuildFile; fileRef = A6C1F4911A9787B900811B79 /* MSCertificate.h */; settings = {ATTRIBUTES = (Public, ); }; };
		A6C1F4A41A9787B900811B79 /* MSCertificate.m in Sources */ = {isa = PBXBuildFile; fileRef = A6C1F4921A9787B900811B79 /* MSCertificate.m */; };
		A6C1F4A51A9787B900811B79 /* MSCipher.h in Headers */ = {isa = PBXBuildFile; fileRef = A6C1F4931A9787B900811B79 /* MSCipher.h */; settings = {ATTRIBUTES = (Public, ); }; };
		A6C1F4A61A9787B900811B79 /* MSCipher.m in Sources */ = {isa = PBXBuildFile; fileRef = A6C1F4941A9787B900811B79 /* MSCipher.m */; };
		A6C1F4A71A9787B900811B79 /* MSDigest.h in Headers */ = {isa = PBXBuildFile; fileRef = A6C1F4951A9787B900811B79 /* MSDigest.h */; settings = {ATTRIBUTES = (Public, ); }; };
		A6C1F4A81A9787B900811B79 /* MSDigest.m in Sources */ = {isa = PBXBuildFile; fileRef = A6C1F4961A9787B900811B79 /* MSDigest.m */; };
		A6C1F4A91A9787B900811B79 /* MSSecureHash.h in Headers */ = {isa = PBXBuildFile; fileRef = A6C1F4971A9787B900811B79 /* MSSecureHash.h */; settings = {ATTRIBUTES = (Public, ); }; };
		A6C1F4AA1A9787B900811B79 /* MSSecureHash.m in Sources */ = {isa = PBXBuildFile; fileRef = A6C1F4981A9787B900811B79 /* MSSecureHash.m */; };
		A6C1F4B11A9787D400811B79 /* MSCurlHandler.h in Headers */ = {isa = PBXBuildFile; fileRef = A6C1F4AB1A9787D400811B79 /* MSCurlHandler.h */; settings = {ATTRIBUTES = (Public, ); }; };
		A6C1F4B21A9787D400811B79 /* MSCurlHandler.m in Sources */ = {isa = PBXBuildFile; fileRef = A6C1F4AC1A9787D400811B79 /* MSCurlHandler.m */; };
		A6C1F4B31A9787D400811B79 /* MSCurlInterface_Private.h in Headers */ = {isa = PBXBuildFile; fileRef = A6C1F4AD1A9787D400811B79 /* MSCurlInterface_Private.h */; };
		A6C1F4B41A9787D400811B79 /* MSCurlInterface_Private.m in Sources */ = {isa = PBXBuildFile; fileRef = A6C1F4AE1A9787D400811B79 /* MSCurlInterface_Private.m */; };
		A6C1F4B51A9787D400811B79 /* MSCurlSendMail.h in Headers */ = {isa = PBXBuildFile; fileRef = A6C1F4AF1A9787D400811B79 /* MSCurlSendMail.h */; settings = {ATTRIBUTES = (Public, ); }; };
		A6C1F4B61A9787D400811B79 /* MSCurlSendMail.m in Sources */ = {isa = PBXBuildFile; fileRef = A6C1F4B01A9787D400811B79 /* MSCurlSendMail.m */; };
		A6C1F4BD1A9787E200811B79 /* MSHTTPRequest.h in Headers */ = {isa = PBXBuildFile; fileRef = A6C1F4B71A9787E200811B79 /* MSHTTPRequest.h */; settings = {ATTRIBUTES = (Public, ); }; };
		A6C1F4BE1A9787E200811B79 /* MSHTTPRequest.m in Sources */ = {isa = PBXBuildFile; fileRef = A6C1F4B81A9787E200811B79 /* MSHTTPRequest.m */; };
		A6C1F4BF1A9787E200811B79 /* MSHTTPResponse.h in Headers */ = {isa = PBXBuildFile; fileRef = A6C1F4B91A9787E200811B79 /* MSHTTPResponse.h */; settings = {ATTRIBUTES = (Public, ); }; };
		A6C1F4C01A9787E200811B79 /* MSHTTPResponse.m in Sources */ = {isa = PBXBuildFile; fileRef = A6C1F4BA1A9787E200811B79 /* MSHTTPResponse.m */; };
		A6C1F4C11A9787E200811B79 /* MSJSONEncoder.h in Headers */ = {isa = PBXBuildFile; fileRef = A6C1F4BB1A9787E200811B79 /* MSJSONEncoder.h */; settings = {ATTRIBUTES = (Public, ); }; };
		A6C1F4C21A9787E200811B79 /* MSJSONEncoder.m in Sources */ = {isa = PBXBuildFile; fileRef = A6C1F4BC1A9787E200811B79 /* MSJSONEncoder.m */; };
		A6C1F4C51A9787EA00811B79 /* MSThreadSafeProxy.h in Headers */ = {isa = PBXBuildFile; fileRef = A6C1F4C31A9787EA00811B79 /* MSThreadSafeProxy.h */; settings = {ATTRIBUTES = (Public, ); }; };
		A6C1F4C61A9787EA00811B79 /* MSThreadSafeProxy.m in Sources */ = {isa = PBXBuildFile; fileRef = A6C1F4C41A9787EA00811B79 /* MSThreadSafeProxy.m */; };
		A6C1F4E71A9787F600811B79 /* _CHTTPMessagePrivate.h in Headers */ = {isa = PBXBuildFile; fileRef = A6C1F4C71A9787F600811B79 /* _CHTTPMessagePrivate.h */; };
		A6C1F4E81A9787F600811B79 /* _CNotificationPrivate.h in Headers */ = {isa = PBXBuildFile; fileRef = A6C1F4C81A9787F600811B79 /* _CNotificationPrivate.h */; };
		A6C1F4E91A9787F600811B79 /* _MHAdminApplication.h in Headers */ = {isa = PBXBuildFile; fileRef = A6C1F4C91A9787F600811B79 /* _MHAdminApplication.h */; };
		A6C1F4EA1A9787F600811B79 /* _MHAdminApplication.m in Sources */ = {isa = PBXBuildFile; fileRef = A6C1F4CA1A9787F600811B79 /* _MHAdminApplication.m */; };
		A6C1F4EB1A9787F600811B79 /* _MHApplicationPrivate.h in Headers */ = {isa = PBXBuildFile; fileRef = A6C1F4CB1A9787F600811B79 /* _MHApplicationPrivate.h */; };
		A6C1F4EC1A9787F600811B79 /* _MHApplicationPrivate.m in Sources */ = {isa = PBXBuildFile; fileRef = A6C1F4CC1A9787F600811B79 /* _MHApplicationPrivate.m */; };
		A6C1F4ED1A9787F600811B79 /* _MHBunchAllocatorPrivate.h in Headers */ = {isa = PBXBuildFile; fileRef = A6C1F4CD1A9787F600811B79 /* _MHBunchAllocatorPrivate.h */; };
		A6C1F4EE1A9787F600811B79 /* _MHBunchAllocatorPrivate.m in Sources */ = {isa = PBXBuildFile; fileRef = A6C1F4CE1A9787F600811B79 /* _MHBunchAllocatorPrivate.m */; };
		A6C1F4EF1A9787F600811B79 /* _MHBunchRegisterPrivate.h in Headers */ = {isa = PBXBuildFile; fileRef = A6C1F4CF1A9787F600811B79 /* _MHBunchRegisterPrivate.h */; };
		A6C1F4F01A9787F600811B79 /* _MHBunchRegisterPrivate.m in Sources */ = {isa = PBXBuildFile; fileRef = A6C1F4D01A9787F600811B79 /* _MHBunchRegisterPrivate.m */; };
		A6C1F4F11A9787F600811B79 /* _MHContext.h in Headers */ = {isa = PBXBuildFile; fileRef = A6C1F4D11A9787F600811B79 /* _MHContext.h */; };
		A6C1F4F21A9787F600811B79 /* _MHContext.m in Sources */ = {isa = PBXBuildFile; fileRef = A6C1F4D21A9787F600811B79 /* _MHContext.m */; };
		A6C1F4F31A9787F600811B79 /* _MHHTTPMessagePrivate.h in Headers */ = {isa = PBXBuildFile; fileRef = A6C1F4D31A9787F600811B79 /* _MHHTTPMessagePrivate.h */; };
		A6C1F4F41A9787F600811B79 /* _MHHTTPMessagePrivate.m in Sources */ = {isa = PBXBuildFile; fileRef = A6C1F4D41A9787F600811B79 /* _MHHTTPMessagePrivate.m */; };
		A6C1F4F51A9787F600811B79 /* _MHNotificationPrivate.h in Headers */ = {isa = PBXBuildFile; fileRef = A6C1F4D51A9787F600811B79 /* _MHNotificationPrivate.h */; };
		A6C1F4F61A9787F600811B79 /* _MHNotificationPrivate.m in Sources */ = {isa = PBXBuildFile; fileRef = A6C1F4D61A9787F600811B79 /* _MHNotificationPrivate.m */; };
		A6C1F4F71A9787F600811B79 /* _MHOpenSSLPrivate.h in Headers */ = {isa = PBXBuildFile; fileRef = A6C1F4D71A9787F600811B79 /* _MHOpenSSLPrivate.h */; };
		A6C1F4F81A9787F600811B79 /* _MHOpenSSLPrivate.m in Sources */ = {isa = PBXBuildFile; fileRef = A6C1F4D81A9787F600811B79 /* _MHOpenSSLPrivate.m */; };
		A6C1F4F91A9787F600811B79 /* _MHPostProcessingDelegate.h in Headers */ = {isa = PBXBuildFile; fileRef = A6C1F4D91A9787F600811B79 /* _MHPostProcessingDelegate.h */; };
		A6C1F4FA1A9787F600811B79 /* _MHPostProcessingDelegate.m in Sources */ = {isa = PBXBuildFile; fileRef = A6C1F4DA1A9787F600811B79 /* _MHPostProcessingDelegate.m */; };
		A6C1F4FB1A9787F600811B79 /* _MHQueuePrivate.h in Headers */ = {isa = PBXBuildFile; fileRef = A6C1F4DB1A9787F600811B79 /* _MHQueuePrivate.h */; };
		A6C1F4FC1A9787F600811B79 /* _MHQueuePrivate.m in Sources */ = {isa = PBXBuildFile; fileRef = A6C1F4DC1A9787F600811B79 /* _MHQueuePrivate.m */; };
		A6C1F4FD1A9787F600811B79 /* _MHResourcePrivate.h in Headers */ = {isa = PBXBuildFile; fileRef = A6C1F4DD1A9787F600811B79 /* _MHResourcePrivate.h */; };
		A6C1F4FE1A9787F600811B79 /* _MHResourcePrivate.m in Sources */ = {isa = PBXBuildFile; fileRef = A6C1F4DE1A9787F600811B79 /* _MHResourcePrivate.m */; };
		A6C1F4FF1A9787F600811B79 /* _MHServerPrivate.h in Headers */ = {isa = PBXBuildFile; fileRef = A6C1F4DF1A9787F600811B79 /* _MHServerPrivate.h */; };
		A6C1F5001A9787F600811B79 /* _MHServerPrivate.m in Sources */ = {isa = PBXBuildFile; fileRef = A6C1F4E01A9787F600811B79 /* _MHServerPrivate.m */; };
		A6C1F5011A9787F600811B79 /* _MHSession.h in Headers */ = {isa = PBXBuildFile; fileRef = A6C1F4E11A9787F600811B79 /* _MHSession.h */; };
		A6C1F5021A9787F600811B79 /* _MHSession.m in Sources */ = {isa = PBXBuildFile; fileRef = A6C1F4E21A9787F600811B79 /* _MHSession.m */; };
		A6C1F5031A9787F600811B79 /* _MHSSLSocketPrivate.h in Headers */ = {isa = PBXBuildFile; fileRef = A6C1F4E31A9787F600811B79 /* _MHSSLSocketPrivate.h */; };
		A6C1F5041A9787F600811B79 /* _MHSSLSocketPrivate.m in Sources */ = {isa = PBXBuildFile; fileRef = A6C1F4E41A9787F600811B79 /* _MHSSLSocketPrivate.m */; };
		A6C1F5051A9787F600811B79 /* _MHThreadPrivate.h in Headers */ = {isa = PBXBuildFile; fileRef = A6C1F4E51A9787F600811B79 /* _MHThreadPrivate.h */; };
		A6C1F5061A9787F600811B79 /* _MHThreadPrivate.m in Sources */ = {isa = PBXBuildFile; fileRef = A6C1F4E61A9787F600811B79 /* _MHThreadPrivate.m */; };
		A6C1F51C1A97880800811B79 /* MHApplication.h in Headers */ = {isa = PBXBuildFile; fileRef = A6C1F5071A97880800811B79 /* MHApplication.h */; settings = {ATTRIBUTES = (Public, ); }; };
		A6C1F51D1A97880800811B79 /* MHApplication.m in Sources */ = {isa = PBXBuildFile; fileRef = A6C1F5081A97880800811B79 /* MHApplication.m */; };
		A6C1F51E1A97880800811B79 /* MHApplicationClient.h in Headers */ = {isa = PBXBuildFile; fileRef = A6C1F5091A97880800811B79 /* MHApplicationClient.h */; settings = {ATTRIBUTES = (Public, ); }; };
		A6C1F51F1A97880800811B79 /* MHApplicationClient.m in Sources */ = {isa = PBXBuildFile; fileRef = A6C1F50A1A97880800811B79 /* MHApplicationClient.m */; };
		A6C1F5201A97880800811B79 /* _MHApplicationClientPrivate.h in Headers */ = {isa = PBXBuildFile; fileRef = A6C1F50B1A97880800811B79 /* _MHApplicationClientPrivate.h */; };
		A6C1F5211A97880800811B79 /* _MHApplicationClientPrivate.m in Sources */ = {isa = PBXBuildFile; fileRef = A6C1F50C1A97880800811B79 /* _MHApplicationClientPrivate.m */; };
		A6C1F5221A97880800811B79 /* MHBunchableObject.h in Headers */ = {isa = PBXBuildFile; fileRef = A6C1F50D1A97880800811B79 /* MHBunchableObject.h */; settings = {ATTRIBUTES = (Public, ); }; };
		A6C1F5231A97880800811B79 /* MHBunchableObject.m in Sources */ = {isa = PBXBuildFile; fileRef = A6C1F50E1A97880800811B79 /* MHBunchableObject.m */; };
		A6C1F5241A97880800811B79 /* MHHTTPMessage.h in Headers */ = {isa = PBXBuildFile; fileRef = A6C1F50F1A97880800811B79 /* MHHTTPMessage.h */; settings = {ATTRIBUTES = (Public, ); }; };
		A6C1F5251A97880800811B79 /* MHHTTPMessage.m in Sources */ = {isa = PBXBuildFile; fileRef = A6C1F5101A97880800811B79 /* MHHTTPMessage.m */; };
		A6C1F5261A97880800811B79 /* MHLogging.h in Headers */ = {isa = PBXBuildFile; fileRef = A6C1F5111A97880800811B79 /* MHLogging.h */; settings = {ATTRIBUTES = (Public, ); }; };
		A6C1F5271A97880800811B79 /* MHLogging.m in Sources */ = {isa = PBXBuildFile; fileRef = A6C1F5121A97880800811B79 /* MHLogging.m */; };
		A6C1F5281A97880800811B79 /* MHNotification.h in Headers */ = {isa = PBXBuildFile; fileRef = A6C1F5131A97880800811B79 /* MHNotification.h */; settings = {ATTRIBUTES = (Public, ); }; };
		A6C1F5291A97880800811B79 /* MHNotification.m in Sources */ = {isa = PBXBuildFile; fileRef = A6C1F5141A97880800811B79 /* MHNotification.m */; };
		A6C1F52A1A97880800811B79 /* MHPublicProtocols.h in Headers */ = {isa = PBXBuildFile; fileRef = A6C1F5151A97880800811B79 /* MHPublicProtocols.h */; settings = {ATTRIBUTES = (Public, ); }; };
		A6C1F52B1A97880800811B79 /* MHResource.h in Headers */ = {isa = PBXBuildFile; fileRef = A6C1F5161A97880800811B79 /* MHResource.h */; settings = {ATTRIBUTES = (Public, ); }; };
		A6C1F52C1A97880800811B79 /* MHResource.m in Sources */ = {isa = PBXBuildFile; fileRef = A6C1F5171A97880800811B79 /* MHResource.m */; };
		A6C1F52D1A97880800811B79 /* MHServer.h in Headers */ = {isa = PBXBuildFile; fileRef = A6C1F5181A97880800811B79 /* MHServer.h */; settings = {ATTRIBUTES = (Public, ); }; };
		A6C1F52E1A97880800811B79 /* MHServer.m in Sources */ = {isa = PBXBuildFile; fileRef = A6C1F5191A97880800811B79 /* MHServer.m */; };
		A6C1F52F1A97880800811B79 /* MHSSLSocket.h in Headers */ = {isa = PBXBuildFile; fileRef = A6C1F51A1A97880800811B79 /* MHSSLSocket.h */; settings = {ATTRIBUTES = (Public, ); }; };
		A6C1F5301A97880800811B79 /* MHSSLSocket.m in Sources */ = {isa = PBXBuildFile; fileRef = A6C1F51B1A97880800811B79 /* MHSSLSocket.m */; };
		A6C1F5371A97904300811B79 /* MSNetPlatform.h in Headers */ = {isa = PBXBuildFile; fileRef = A6C1F5361A97904300811B79 /* MSNetPlatform.h */; settings = {ATTRIBUTES = (Public, ); }; };
		A6C1F53A1A97980400811B79 /* MSCSSLInterface.h in Headers */ = {isa = PBXBuildFile; fileRef = A6C1F5381A97980400811B79 /* MSCSSLInterface.h */; settings = {ATTRIBUTES = (Public, ); }; };
		A6C1F53B1A97980400811B79 /* MSCSSLInterface.m in Sources */ = {isa = PBXBuildFile; fileRef = A6C1F5391A97980400811B79 /* MSCSSLInterface.m */; };
		A6D928851ACBE628009C4365 /* css in Resources */ = {isa = PBXBuildFile; fileRef = A6D928841ACBE628009C4365 /* css */; };
		A6D928871ACBE62E009C4365 /* fonts in Resources */ = {isa = PBXBuildFile; fileRef = A6D928861ACBE62E009C4365 /* fonts */; };
		A6D9288A1ACBE635009C4365 /* images in Resources */ = {isa = PBXBuildFile; fileRef = A6D928881ACBE635009C4365 /* images */; };
		A6D9288B1ACBE635009C4365 /* js in Resources */ = {isa = PBXBuildFile; fileRef = A6D928891ACBE635009C4365 /* js */; };
		A6DA3CD61A9C7DDB00DF9E50 /* MSFoundation.framework in Frameworks */ = {isa = PBXBuildFile; fileRef = A6DA3CD51A9C7DDB00DF9E50 /* MSFoundation.framework */; };
		A6DA3CD71A9C7DE500DF9E50 /* MSFoundation.framework in Frameworks */ = {isa = PBXBuildFile; fileRef = A6DA3CD51A9C7DDB00DF9E50 /* MSFoundation.framework */; };
		A6F960461A9B1F0D0066DE1C /* libssl.1.0.0.dylib in Frameworks */ = {isa = PBXBuildFile; fileRef = A6F960451A9B1F0D0066DE1C /* libssl.1.0.0.dylib */; };
		A6F960481A9B1F1B0066DE1C /* libcrypto.1.0.0.dylib in Frameworks */ = {isa = PBXBuildFile; fileRef = A6F960471A9B1F1B0066DE1C /* libcrypto.1.0.0.dylib */; };
		A6F960491A9B1F280066DE1C /* Foundation.framework in Frameworks */ = {isa = PBXBuildFile; fileRef = A6E03B8A1A767C5600A97DA3 /* Foundation.framework */; };
		A6F9604B1A9B1F3E0066DE1C /* libcurl.dylib in Frameworks */ = {isa = PBXBuildFile; fileRef = A6F9604A1A9B1F3E0066DE1C /* libcurl.dylib */; };
/* End PBXBuildFile section */

/* Begin PBXContainerItemProxy section */
		A6D3598B1A77977400B87986 /* PBXContainerItemProxy */ = {
			isa = PBXContainerItemProxy;
			containerPortal = A691637A1A7016E6001E42F4 /* Project object */;
			proxyType = 1;
			remoteGlobalIDString = A691639F1A701754001E42F4;
			remoteInfo = Foundation;
		};
		A6D9289E1ACBE7DB009C4365 /* PBXContainerItemProxy */ = {
			isa = PBXContainerItemProxy;
			containerPortal = A6D9288C1ACBE7DA009C4365 /* MSFoundation.xcodeproj */;
			proxyType = 2;
			remoteGlobalIDString = A6E03A911A7634AA00A97DA3;
			remoteInfo = MSCore;
		};
		A6D928A01ACBE7DB009C4365 /* PBXContainerItemProxy */ = {
			isa = PBXContainerItemProxy;
			containerPortal = A6D9288C1ACBE7DA009C4365 /* MSFoundation.xcodeproj */;
			proxyType = 2;
			remoteGlobalIDString = A6D359B01A77D38600B87986;
			remoteInfo = MSCoreCTests;
		};
		A6D928A21ACBE7DB009C4365 /* PBXContainerItemProxy */ = {
			isa = PBXContainerItemProxy;
			containerPortal = A6D9288C1ACBE7DA009C4365 /* MSFoundation.xcodeproj */;
			proxyType = 2;
			remoteGlobalIDString = A69163831A7016E6001E42F4;
			remoteInfo = MSFoundationForCocoa;
		};
		A6D928A41ACBE7DB009C4365 /* PBXContainerItemProxy */ = {
			isa = PBXContainerItemProxy;
			containerPortal = A6D9288C1ACBE7DA009C4365 /* MSFoundation.xcodeproj */;
			proxyType = 2;
			remoteGlobalIDString = A6D359A01A77D35200B87986;
			remoteInfo = MSFoundationForCocoaTests;
		};
		A6D928A61ACBE7DB009C4365 /* PBXContainerItemProxy */ = {
			isa = PBXContainerItemProxy;
			containerPortal = A6D9288C1ACBE7DA009C4365 /* MSFoundation.xcodeproj */;
			proxyType = 2;
			remoteGlobalIDString = A69163A81A701754001E42F4;
			remoteInfo = MSFoundation;
		};
		A6D928A81ACBE7DB009C4365 /* PBXContainerItemProxy */ = {
			isa = PBXContainerItemProxy;
			containerPortal = A6D9288C1ACBE7DA009C4365 /* MSFoundation.xcodeproj */;
			proxyType = 2;
			remoteGlobalIDString = A6D359781A76D39A00B87986;
			remoteInfo = MSFoundationTests;
		};
		A6D928AA1ACBE7DB009C4365 /* PBXContainerItemProxy */ = {
			isa = PBXContainerItemProxy;
			containerPortal = A6D9288C1ACBE7DA009C4365 /* MSFoundation.xcodeproj */;
			proxyType = 2;
			remoteGlobalIDString = A6D359921A7798DA00B87986;
			remoteInfo = MSTests;
		};
		A6D928AC1ACBE7DB009C4365 /* PBXContainerItemProxy */ = {
			isa = PBXContainerItemProxy;
			containerPortal = A6D9288C1ACBE7DA009C4365 /* MSFoundation.xcodeproj */;
			proxyType = 2;
			remoteGlobalIDString = 408D25681A7D0CB8007258D4;
			remoteInfo = simple;
		};
		A6D928AE1ACBE7DB009C4365 /* PBXContainerItemProxy */ = {
			isa = PBXContainerItemProxy;
			containerPortal = A6D9288C1ACBE7DA009C4365 /* MSFoundation.xcodeproj */;
			proxyType = 2;
			remoteGlobalIDString = A6E3A28A1A9C745800F65291;
			remoteInfo = MSCore_wo451;
		};
		A6D928B01ACBE7DB009C4365 /* PBXContainerItemProxy */ = {
			isa = PBXContainerItemProxy;
			containerPortal = A6D9288C1ACBE7DA009C4365 /* MSFoundation.xcodeproj */;
			proxyType = 2;
			remoteGlobalIDString = A6173B691A9C6F1400739DB0;
			remoteInfo = MSFoundation_wo451;
		};
		A6D928B21ACBE7DB009C4365 /* PBXContainerItemProxy */ = {
			isa = PBXContainerItemProxy;
			containerPortal = A6D9288C1ACBE7DA009C4365 /* MSFoundation.xcodeproj */;
			proxyType = 2;
			remoteGlobalIDString = A6E3A2231A9C72D100F65291;
			remoteInfo = MSFoundationTests_wo451;
		};
		A6D928B41ACBE7DB009C4365 /* PBXContainerItemProxy */ = {
			isa = PBXContainerItemProxy;
			containerPortal = A6D9288C1ACBE7DA009C4365 /* MSFoundation.xcodeproj */;
			proxyType = 2;
			remoteGlobalIDString = A6E3A1F41A9C725800F65291;
			remoteInfo = MSTests_wo451;
		};
		A6D928E01ACBE872009C4365 /* PBXContainerItemProxy */ = {
			isa = PBXContainerItemProxy;
			containerPortal = A6D9288C1ACBE7DA009C4365 /* MSFoundation.xcodeproj */;
			proxyType = 1;
			remoteGlobalIDString = A6173ADC1A9C6F1400739DB0;
			remoteInfo = MSFoundation_wo451;
		};
		A6D928E61ACBE888009C4365 /* PBXContainerItemProxy */ = {
			isa = PBXContainerItemProxy;
			containerPortal = A691637A1A7016E6001E42F4 /* Project object */;
			proxyType = 1;
			remoteGlobalIDString = A691639F1A701754001E42F4;
			remoteInfo = MSNet_wo451;
		};
		A6D928E81ACBE888009C4365 /* PBXContainerItemProxy */ = {
			isa = PBXContainerItemProxy;
			containerPortal = A691637A1A7016E6001E42F4 /* Project object */;
			proxyType = 1;
			remoteGlobalIDString = A6D359771A76D39A00B87986;
			remoteInfo = MSNetTests_wo451;
		};
		A6D928EA1ACBE888009C4365 /* PBXContainerItemProxy */ = {
			isa = PBXContainerItemProxy;
			containerPortal = A691637A1A7016E6001E42F4 /* Project object */;
			proxyType = 1;
			remoteGlobalIDString = A6744DBC1A9B685C00C32812;
			remoteInfo = MHServer_wo451;
		};
		A6DA3CD81A9C7DFF00DF9E50 /* PBXContainerItemProxy */ = {
			isa = PBXContainerItemProxy;
			containerPortal = A691637A1A7016E6001E42F4 /* Project object */;
			proxyType = 1;
			remoteGlobalIDString = A691639F1A701754001E42F4;
			remoteInfo = MSNet_wo451;
		};
/* End PBXContainerItemProxy section */

/* Begin PBXCopyFilesBuildPhase section */
		A6744DBB1A9B685C00C32812 /* CopyFiles */ = {
			isa = PBXCopyFilesBuildPhase;
			buildActionMask = 2147483647;
			dstPath = /usr/share/man/man1/;
			dstSubfolderSpec = 0;
			files = (
			);
			runOnlyForDeploymentPostprocessing = 1;
		};
/* End PBXCopyFilesBuildPhase section */

/* Begin PBXFileReference section */
		A64D64D21A77EFFD00CCA6D7 /* libobjc.dylib */ = {isa = PBXFileReference; lastKnownFileType = "compiled.mach-o.dylib"; name = libobjc.dylib; path = usr/lib/libobjc.dylib; sourceTree = SDKROOT; };
		A6744D131A9B64EB00C32812 /* default_application_login.html */ = {isa = PBXFileReference; fileEncoding = 4; lastKnownFileType = text.html; path = default_application_login.html; sourceTree = "<group>"; };
		A6744D141A9B64EB00C32812 /* default_choice_login.html */ = {isa = PBXFileReference; fileEncoding = 4; lastKnownFileType = text.html; path = default_choice_login.html; sourceTree = "<group>"; };
		A6744D511A9B64EB00C32812 /* loader.html */ = {isa = PBXFileReference; fileEncoding = 4; lastKnownFileType = text.html; path = loader.html; sourceTree = "<group>"; };
		A6744D521A9B64EB00C32812 /* mimeTypes.plist */ = {isa = PBXFileReference; lastKnownFileType = text.plist; path = mimeTypes.plist; sourceTree = "<group>"; };
		A6744D531A9B64EB00C32812 /* paramsDict.config */ = {isa = PBXFileReference; fileEncoding = 4; lastKnownFileType = text; path = paramsDict.config; sourceTree = "<group>"; };
		A6744D541A9B64EB00C32812 /* usersGroups.config */ = {isa = PBXFileReference; fileEncoding = 4; lastKnownFileType = text; path = usersGroups.config; sourceTree = "<group>"; };
		A6744D551A9B64EB00C32812 /* version.config */ = {isa = PBXFileReference; fileEncoding = 4; lastKnownFileType = text; path = version.config; sourceTree = "<group>"; };
		A6744DB71A9B683800C32812 /* MASHServer.config */ = {isa = PBXFileReference; lastKnownFileType = text; path = MASHServer.config; sourceTree = "<group>"; };
		A6744DB81A9B683800C32812 /* MASHServer_main.m */ = {isa = PBXFileReference; lastKnownFileType = sourcecode.c.objc; path = MASHServer_main.m; sourceTree = "<group>"; };
		A6744DBD1A9B685C00C32812 /* MASHServer */ = {isa = PBXFileReference; explicitFileType = "compiled.mach-o.executable"; includeInIndex = 0; path = MASHServer; sourceTree = BUILT_PRODUCTS_DIR; };
		A69163A81A701754001E42F4 /* MSNet.framework */ = {isa = PBXFileReference; explicitFileType = wrapper.framework; includeInIndex = 0; path = MSNet.framework; sourceTree = BUILT_PRODUCTS_DIR; };
		A6C1F4711A9785C100811B79 /* MSNet_Private.h */ = {isa = PBXFileReference; fileEncoding = 4; lastKnownFileType = sourcecode.c.h; name = MSNet_Private.h; path = MSNet_src/MSNet_Private.h; sourceTree = "<group>"; };
		A6C1F4721A9785C100811B79 /* MSNet.h */ = {isa = PBXFileReference; fileEncoding = 4; lastKnownFileType = sourcecode.c.h; name = MSNet.h; path = MSNet_src/MSNet.h; sourceTree = "<group>"; };
		A6C1F4751A9785E100811B79 /* MSNet_Public.h */ = {isa = PBXFileReference; fileEncoding = 4; lastKnownFileType = sourcecode.c.h; name = MSNet_Public.h; path = MSNet_src/MSNet_Public.h; sourceTree = "<group>"; };
		A6C1F4871A9787B900811B79 /* _MSCipherPrivate.h */ = {isa = PBXFileReference; fileEncoding = 4; lastKnownFileType = sourcecode.c.h; path = _MSCipherPrivate.h; sourceTree = "<group>"; };
		A6C1F4881A9787B900811B79 /* _MSDigest.h */ = {isa = PBXFileReference; fileEncoding = 4; lastKnownFileType = sourcecode.c.h; lineEnding = 0; path = _MSDigest.h; sourceTree = "<group>"; xcLanguageSpecificationIdentifier = xcode.lang.objcpp; };
		A6C1F4891A9787B900811B79 /* _MSDigest.m */ = {isa = PBXFileReference; fileEncoding = 4; lastKnownFileType = sourcecode.c.objc; lineEnding = 0; path = _MSDigest.m; sourceTree = "<group>"; xcLanguageSpecificationIdentifier = xcode.lang.objc; };
		A6C1F48A1A9787B900811B79 /* _RSACipher.h */ = {isa = PBXFileReference; fileEncoding = 4; lastKnownFileType = sourcecode.c.h; path = _RSACipher.h; sourceTree = "<group>"; };
		A6C1F48B1A9787B900811B79 /* _RSACipher.m */ = {isa = PBXFileReference; fileEncoding = 4; lastKnownFileType = sourcecode.c.objc; path = _RSACipher.m; sourceTree = "<group>"; };
		A6C1F48C1A9787B900811B79 /* _SymmetricCipher.h */ = {isa = PBXFileReference; fileEncoding = 4; lastKnownFileType = sourcecode.c.h; path = _SymmetricCipher.h; sourceTree = "<group>"; };
		A6C1F48D1A9787B900811B79 /* _SymmetricCipher.m */ = {isa = PBXFileReference; fileEncoding = 4; lastKnownFileType = sourcecode.c.objc; lineEnding = 0; path = _SymmetricCipher.m; sourceTree = "<group>"; xcLanguageSpecificationIdentifier = xcode.lang.objc; };
		A6C1F48E1A9787B900811B79 /* _SymmetricRSACipher.h */ = {isa = PBXFileReference; fileEncoding = 4; lastKnownFileType = sourcecode.c.h; path = _SymmetricRSACipher.h; sourceTree = "<group>"; };
		A6C1F48F1A9787B900811B79 /* _SymmetricRSACipher.m */ = {isa = PBXFileReference; fileEncoding = 4; lastKnownFileType = sourcecode.c.objc; path = _SymmetricRSACipher.m; sourceTree = "<group>"; };
		A6C1F4911A9787B900811B79 /* MSCertificate.h */ = {isa = PBXFileReference; fileEncoding = 4; lastKnownFileType = sourcecode.c.h; path = MSCertificate.h; sourceTree = "<group>"; };
		A6C1F4921A9787B900811B79 /* MSCertificate.m */ = {isa = PBXFileReference; fileEncoding = 4; lastKnownFileType = sourcecode.c.objc; lineEnding = 0; path = MSCertificate.m; sourceTree = "<group>"; xcLanguageSpecificationIdentifier = xcode.lang.objc; };
		A6C1F4931A9787B900811B79 /* MSCipher.h */ = {isa = PBXFileReference; fileEncoding = 4; lastKnownFileType = sourcecode.c.h; path = MSCipher.h; sourceTree = "<group>"; };
		A6C1F4941A9787B900811B79 /* MSCipher.m */ = {isa = PBXFileReference; fileEncoding = 4; lastKnownFileType = sourcecode.c.objc; path = MSCipher.m; sourceTree = "<group>"; };
		A6C1F4951A9787B900811B79 /* MSDigest.h */ = {isa = PBXFileReference; fileEncoding = 4; lastKnownFileType = sourcecode.c.h; path = MSDigest.h; sourceTree = "<group>"; };
		A6C1F4961A9787B900811B79 /* MSDigest.m */ = {isa = PBXFileReference; fileEncoding = 4; lastKnownFileType = sourcecode.c.objc; path = MSDigest.m; sourceTree = "<group>"; };
		A6C1F4971A9787B900811B79 /* MSSecureHash.h */ = {isa = PBXFileReference; fileEncoding = 4; lastKnownFileType = sourcecode.c.h; path = MSSecureHash.h; sourceTree = "<group>"; };
		A6C1F4981A9787B900811B79 /* MSSecureHash.m */ = {isa = PBXFileReference; fileEncoding = 4; lastKnownFileType = sourcecode.c.objc; path = MSSecureHash.m; sourceTree = "<group>"; };
		A6C1F4AB1A9787D400811B79 /* MSCurlHandler.h */ = {isa = PBXFileReference; fileEncoding = 4; lastKnownFileType = sourcecode.c.h; name = MSCurlHandler.h; path = MSNet_src/MSCurlHandler.h; sourceTree = "<group>"; };
		A6C1F4AC1A9787D400811B79 /* MSCurlHandler.m */ = {isa = PBXFileReference; fileEncoding = 4; lastKnownFileType = sourcecode.c.objc; name = MSCurlHandler.m; path = MSNet_src/MSCurlHandler.m; sourceTree = "<group>"; };
		A6C1F4AD1A9787D400811B79 /* MSCurlInterface_Private.h */ = {isa = PBXFileReference; fileEncoding = 4; lastKnownFileType = sourcecode.c.h; name = MSCurlInterface_Private.h; path = MSNet_src/MSCurlInterface_Private.h; sourceTree = "<group>"; };
		A6C1F4AE1A9787D400811B79 /* MSCurlInterface_Private.m */ = {isa = PBXFileReference; fileEncoding = 4; lastKnownFileType = sourcecode.c.objc; name = MSCurlInterface_Private.m; path = MSNet_src/MSCurlInterface_Private.m; sourceTree = "<group>"; };
		A6C1F4AF1A9787D400811B79 /* MSCurlSendMail.h */ = {isa = PBXFileReference; fileEncoding = 4; lastKnownFileType = sourcecode.c.h; name = MSCurlSendMail.h; path = MSNet_src/MSCurlSendMail.h; sourceTree = "<group>"; };
		A6C1F4B01A9787D400811B79 /* MSCurlSendMail.m */ = {isa = PBXFileReference; fileEncoding = 4; lastKnownFileType = sourcecode.c.objc; name = MSCurlSendMail.m; path = MSNet_src/MSCurlSendMail.m; sourceTree = "<group>"; };
		A6C1F4B71A9787E200811B79 /* MSHTTPRequest.h */ = {isa = PBXFileReference; fileEncoding = 4; lastKnownFileType = sourcecode.c.h; name = MSHTTPRequest.h; path = MSNet_src/MSHTTPRequest.h; sourceTree = "<group>"; };
		A6C1F4B81A9787E200811B79 /* MSHTTPRequest.m */ = {isa = PBXFileReference; fileEncoding = 4; lastKnownFileType = sourcecode.c.objc; name = MSHTTPRequest.m; path = MSNet_src/MSHTTPRequest.m; sourceTree = "<group>"; };
		A6C1F4B91A9787E200811B79 /* MSHTTPResponse.h */ = {isa = PBXFileReference; fileEncoding = 4; lastKnownFileType = sourcecode.c.h; name = MSHTTPResponse.h; path = MSNet_src/MSHTTPResponse.h; sourceTree = "<group>"; };
		A6C1F4BA1A9787E200811B79 /* MSHTTPResponse.m */ = {isa = PBXFileReference; fileEncoding = 4; lastKnownFileType = sourcecode.c.objc; name = MSHTTPResponse.m; path = MSNet_src/MSHTTPResponse.m; sourceTree = "<group>"; };
		A6C1F4BB1A9787E200811B79 /* MSJSONEncoder.h */ = {isa = PBXFileReference; fileEncoding = 4; lastKnownFileType = sourcecode.c.h; name = MSJSONEncoder.h; path = MSNet_src/MSJSONEncoder.h; sourceTree = "<group>"; };
		A6C1F4BC1A9787E200811B79 /* MSJSONEncoder.m */ = {isa = PBXFileReference; fileEncoding = 4; lastKnownFileType = sourcecode.c.objc; name = MSJSONEncoder.m; path = MSNet_src/MSJSONEncoder.m; sourceTree = "<group>"; };
		A6C1F4C31A9787EA00811B79 /* MSThreadSafeProxy.h */ = {isa = PBXFileReference; fileEncoding = 4; lastKnownFileType = sourcecode.c.h; name = MSThreadSafeProxy.h; path = MSNet_src/MSThreadSafeProxy.h; sourceTree = "<group>"; };
		A6C1F4C41A9787EA00811B79 /* MSThreadSafeProxy.m */ = {isa = PBXFileReference; fileEncoding = 4; lastKnownFileType = sourcecode.c.objc; name = MSThreadSafeProxy.m; path = MSNet_src/MSThreadSafeProxy.m; sourceTree = "<group>"; };
		A6C1F4C71A9787F600811B79 /* _CHTTPMessagePrivate.h */ = {isa = PBXFileReference; fileEncoding = 4; lastKnownFileType = sourcecode.c.h; name = _CHTTPMessagePrivate.h; path = MSNet_src/_CHTTPMessagePrivate.h; sourceTree = "<group>"; };
		A6C1F4C81A9787F600811B79 /* _CNotificationPrivate.h */ = {isa = PBXFileReference; fileEncoding = 4; lastKnownFileType = sourcecode.c.h; name = _CNotificationPrivate.h; path = MSNet_src/_CNotificationPrivate.h; sourceTree = "<group>"; };
		A6C1F4C91A9787F600811B79 /* _MHAdminApplication.h */ = {isa = PBXFileReference; fileEncoding = 4; lastKnownFileType = sourcecode.c.h; name = _MHAdminApplication.h; path = MSNet_src/_MHAdminApplication.h; sourceTree = "<group>"; };
		A6C1F4CA1A9787F600811B79 /* _MHAdminApplication.m */ = {isa = PBXFileReference; fileEncoding = 4; lastKnownFileType = sourcecode.c.objc; name = _MHAdminApplication.m; path = MSNet_src/_MHAdminApplication.m; sourceTree = "<group>"; };
		A6C1F4CB1A9787F600811B79 /* _MHApplicationPrivate.h */ = {isa = PBXFileReference; fileEncoding = 4; lastKnownFileType = sourcecode.c.h; name = _MHApplicationPrivate.h; path = MSNet_src/_MHApplicationPrivate.h; sourceTree = "<group>"; };
		A6C1F4CC1A9787F600811B79 /* _MHApplicationPrivate.m */ = {isa = PBXFileReference; fileEncoding = 4; lastKnownFileType = sourcecode.c.objc; name = _MHApplicationPrivate.m; path = MSNet_src/_MHApplicationPrivate.m; sourceTree = "<group>"; };
		A6C1F4CD1A9787F600811B79 /* _MHBunchAllocatorPrivate.h */ = {isa = PBXFileReference; fileEncoding = 4; lastKnownFileType = sourcecode.c.h; name = _MHBunchAllocatorPrivate.h; path = MSNet_src/_MHBunchAllocatorPrivate.h; sourceTree = "<group>"; };
		A6C1F4CE1A9787F600811B79 /* _MHBunchAllocatorPrivate.m */ = {isa = PBXFileReference; fileEncoding = 4; lastKnownFileType = sourcecode.c.objc; name = _MHBunchAllocatorPrivate.m; path = MSNet_src/_MHBunchAllocatorPrivate.m; sourceTree = "<group>"; };
		A6C1F4CF1A9787F600811B79 /* _MHBunchRegisterPrivate.h */ = {isa = PBXFileReference; fileEncoding = 4; lastKnownFileType = sourcecode.c.h; name = _MHBunchRegisterPrivate.h; path = MSNet_src/_MHBunchRegisterPrivate.h; sourceTree = "<group>"; };
		A6C1F4D01A9787F600811B79 /* _MHBunchRegisterPrivate.m */ = {isa = PBXFileReference; fileEncoding = 4; lastKnownFileType = sourcecode.c.objc; name = _MHBunchRegisterPrivate.m; path = MSNet_src/_MHBunchRegisterPrivate.m; sourceTree = "<group>"; };
		A6C1F4D11A9787F600811B79 /* _MHContext.h */ = {isa = PBXFileReference; fileEncoding = 4; lastKnownFileType = sourcecode.c.h; name = _MHContext.h; path = MSNet_src/_MHContext.h; sourceTree = "<group>"; };
		A6C1F4D21A9787F600811B79 /* _MHContext.m */ = {isa = PBXFileReference; fileEncoding = 4; lastKnownFileType = sourcecode.c.objc; name = _MHContext.m; path = MSNet_src/_MHContext.m; sourceTree = "<group>"; };
		A6C1F4D31A9787F600811B79 /* _MHHTTPMessagePrivate.h */ = {isa = PBXFileReference; fileEncoding = 4; lastKnownFileType = sourcecode.c.h; name = _MHHTTPMessagePrivate.h; path = MSNet_src/_MHHTTPMessagePrivate.h; sourceTree = "<group>"; };
		A6C1F4D41A9787F600811B79 /* _MHHTTPMessagePrivate.m */ = {isa = PBXFileReference; fileEncoding = 4; lastKnownFileType = sourcecode.c.objc; name = _MHHTTPMessagePrivate.m; path = MSNet_src/_MHHTTPMessagePrivate.m; sourceTree = "<group>"; };
		A6C1F4D51A9787F600811B79 /* _MHNotificationPrivate.h */ = {isa = PBXFileReference; fileEncoding = 4; lastKnownFileType = sourcecode.c.h; name = _MHNotificationPrivate.h; path = MSNet_src/_MHNotificationPrivate.h; sourceTree = "<group>"; };
		A6C1F4D61A9787F600811B79 /* _MHNotificationPrivate.m */ = {isa = PBXFileReference; fileEncoding = 4; lastKnownFileType = sourcecode.c.objc; name = _MHNotificationPrivate.m; path = MSNet_src/_MHNotificationPrivate.m; sourceTree = "<group>"; };
		A6C1F4D71A9787F600811B79 /* _MHOpenSSLPrivate.h */ = {isa = PBXFileReference; fileEncoding = 4; lastKnownFileType = sourcecode.c.h; name = _MHOpenSSLPrivate.h; path = MSNet_src/_MHOpenSSLPrivate.h; sourceTree = "<group>"; };
		A6C1F4D81A9787F600811B79 /* _MHOpenSSLPrivate.m */ = {isa = PBXFileReference; fileEncoding = 4; lastKnownFileType = sourcecode.c.objc; name = _MHOpenSSLPrivate.m; path = MSNet_src/_MHOpenSSLPrivate.m; sourceTree = "<group>"; };
		A6C1F4D91A9787F600811B79 /* _MHPostProcessingDelegate.h */ = {isa = PBXFileReference; fileEncoding = 4; lastKnownFileType = sourcecode.c.h; name = _MHPostProcessingDelegate.h; path = MSNet_src/_MHPostProcessingDelegate.h; sourceTree = "<group>"; };
		A6C1F4DA1A9787F600811B79 /* _MHPostProcessingDelegate.m */ = {isa = PBXFileReference; fileEncoding = 4; lastKnownFileType = sourcecode.c.objc; name = _MHPostProcessingDelegate.m; path = MSNet_src/_MHPostProcessingDelegate.m; sourceTree = "<group>"; };
		A6C1F4DB1A9787F600811B79 /* _MHQueuePrivate.h */ = {isa = PBXFileReference; fileEncoding = 4; lastKnownFileType = sourcecode.c.h; name = _MHQueuePrivate.h; path = MSNet_src/_MHQueuePrivate.h; sourceTree = "<group>"; };
		A6C1F4DC1A9787F600811B79 /* _MHQueuePrivate.m */ = {isa = PBXFileReference; fileEncoding = 4; lastKnownFileType = sourcecode.c.objc; name = _MHQueuePrivate.m; path = MSNet_src/_MHQueuePrivate.m; sourceTree = "<group>"; };
		A6C1F4DD1A9787F600811B79 /* _MHResourcePrivate.h */ = {isa = PBXFileReference; fileEncoding = 4; lastKnownFileType = sourcecode.c.h; name = _MHResourcePrivate.h; path = MSNet_src/_MHResourcePrivate.h; sourceTree = "<group>"; };
		A6C1F4DE1A9787F600811B79 /* _MHResourcePrivate.m */ = {isa = PBXFileReference; fileEncoding = 4; lastKnownFileType = sourcecode.c.objc; name = _MHResourcePrivate.m; path = MSNet_src/_MHResourcePrivate.m; sourceTree = "<group>"; };
		A6C1F4DF1A9787F600811B79 /* _MHServerPrivate.h */ = {isa = PBXFileReference; fileEncoding = 4; lastKnownFileType = sourcecode.c.h; name = _MHServerPrivate.h; path = MSNet_src/_MHServerPrivate.h; sourceTree = "<group>"; };
		A6C1F4E01A9787F600811B79 /* _MHServerPrivate.m */ = {isa = PBXFileReference; fileEncoding = 4; lastKnownFileType = sourcecode.c.objc; name = _MHServerPrivate.m; path = MSNet_src/_MHServerPrivate.m; sourceTree = "<group>"; };
		A6C1F4E11A9787F600811B79 /* _MHSession.h */ = {isa = PBXFileReference; fileEncoding = 4; lastKnownFileType = sourcecode.c.h; name = _MHSession.h; path = MSNet_src/_MHSession.h; sourceTree = "<group>"; };
		A6C1F4E21A9787F600811B79 /* _MHSession.m */ = {isa = PBXFileReference; fileEncoding = 4; lastKnownFileType = sourcecode.c.objc; name = _MHSession.m; path = MSNet_src/_MHSession.m; sourceTree = "<group>"; };
		A6C1F4E31A9787F600811B79 /* _MHSSLSocketPrivate.h */ = {isa = PBXFileReference; fileEncoding = 4; lastKnownFileType = sourcecode.c.h; name = _MHSSLSocketPrivate.h; path = MSNet_src/_MHSSLSocketPrivate.h; sourceTree = "<group>"; };
		A6C1F4E41A9787F600811B79 /* _MHSSLSocketPrivate.m */ = {isa = PBXFileReference; fileEncoding = 4; lastKnownFileType = sourcecode.c.objc; name = _MHSSLSocketPrivate.m; path = MSNet_src/_MHSSLSocketPrivate.m; sourceTree = "<group>"; };
		A6C1F4E51A9787F600811B79 /* _MHThreadPrivate.h */ = {isa = PBXFileReference; fileEncoding = 4; lastKnownFileType = sourcecode.c.h; name = _MHThreadPrivate.h; path = MSNet_src/_MHThreadPrivate.h; sourceTree = "<group>"; };
		A6C1F4E61A9787F600811B79 /* _MHThreadPrivate.m */ = {isa = PBXFileReference; fileEncoding = 4; lastKnownFileType = sourcecode.c.objc; name = _MHThreadPrivate.m; path = MSNet_src/_MHThreadPrivate.m; sourceTree = "<group>"; };
		A6C1F5071A97880800811B79 /* MHApplication.h */ = {isa = PBXFileReference; fileEncoding = 4; lastKnownFileType = sourcecode.c.h; name = MHApplication.h; path = MSNet_src/MHApplication.h; sourceTree = "<group>"; };
		A6C1F5081A97880800811B79 /* MHApplication.m */ = {isa = PBXFileReference; fileEncoding = 4; lastKnownFileType = sourcecode.c.objc; name = MHApplication.m; path = MSNet_src/MHApplication.m; sourceTree = "<group>"; };
		A6C1F5091A97880800811B79 /* MHApplicationClient.h */ = {isa = PBXFileReference; fileEncoding = 4; lastKnownFileType = sourcecode.c.h; name = MHApplicationClient.h; path = MSNet_src/MHApplicationClient.h; sourceTree = "<group>"; };
		A6C1F50A1A97880800811B79 /* MHApplicationClient.m */ = {isa = PBXFileReference; fileEncoding = 4; lastKnownFileType = sourcecode.c.objc; name = MHApplicationClient.m; path = MSNet_src/MHApplicationClient.m; sourceTree = "<group>"; };
		A6C1F50B1A97880800811B79 /* _MHApplicationClientPrivate.h */ = {isa = PBXFileReference; fileEncoding = 4; lastKnownFileType = sourcecode.c.h; name = _MHApplicationClientPrivate.h; path = MSNet_src/_MHApplicationClientPrivate.h; sourceTree = "<group>"; };
		A6C1F50C1A97880800811B79 /* _MHApplicationClientPrivate.m */ = {isa = PBXFileReference; fileEncoding = 4; lastKnownFileType = sourcecode.c.objc; name = _MHApplicationClientPrivate.m; path = MSNet_src/_MHApplicationClientPrivate.m; sourceTree = "<group>"; };
		A6C1F50D1A97880800811B79 /* MHBunchableObject.h */ = {isa = PBXFileReference; fileEncoding = 4; lastKnownFileType = sourcecode.c.h; name = MHBunchableObject.h; path = MSNet_src/MHBunchableObject.h; sourceTree = "<group>"; };
		A6C1F50E1A97880800811B79 /* MHBunchableObject.m */ = {isa = PBXFileReference; fileEncoding = 4; lastKnownFileType = sourcecode.c.objc; name = MHBunchableObject.m; path = MSNet_src/MHBunchableObject.m; sourceTree = "<group>"; };
		A6C1F50F1A97880800811B79 /* MHHTTPMessage.h */ = {isa = PBXFileReference; fileEncoding = 4; lastKnownFileType = sourcecode.c.h; name = MHHTTPMessage.h; path = MSNet_src/MHHTTPMessage.h; sourceTree = "<group>"; };
		A6C1F5101A97880800811B79 /* MHHTTPMessage.m */ = {isa = PBXFileReference; fileEncoding = 4; lastKnownFileType = sourcecode.c.objc; name = MHHTTPMessage.m; path = MSNet_src/MHHTTPMessage.m; sourceTree = "<group>"; };
		A6C1F5111A97880800811B79 /* MHLogging.h */ = {isa = PBXFileReference; fileEncoding = 4; lastKnownFileType = sourcecode.c.h; name = MHLogging.h; path = MSNet_src/MHLogging.h; sourceTree = "<group>"; };
		A6C1F5121A97880800811B79 /* MHLogging.m */ = {isa = PBXFileReference; fileEncoding = 4; lastKnownFileType = sourcecode.c.objc; name = MHLogging.m; path = MSNet_src/MHLogging.m; sourceTree = "<group>"; };
		A6C1F5131A97880800811B79 /* MHNotification.h */ = {isa = PBXFileReference; fileEncoding = 4; lastKnownFileType = sourcecode.c.h; name = MHNotification.h; path = MSNet_src/MHNotification.h; sourceTree = "<group>"; };
		A6C1F5141A97880800811B79 /* MHNotification.m */ = {isa = PBXFileReference; fileEncoding = 4; lastKnownFileType = sourcecode.c.objc; name = MHNotification.m; path = MSNet_src/MHNotification.m; sourceTree = "<group>"; };
		A6C1F5151A97880800811B79 /* MHPublicProtocols.h */ = {isa = PBXFileReference; fileEncoding = 4; lastKnownFileType = sourcecode.c.h; name = MHPublicProtocols.h; path = MSNet_src/MHPublicProtocols.h; sourceTree = "<group>"; };
		A6C1F5161A97880800811B79 /* MHResource.h */ = {isa = PBXFileReference; fileEncoding = 4; lastKnownFileType = sourcecode.c.h; name = MHResource.h; path = MSNet_src/MHResource.h; sourceTree = "<group>"; };
		A6C1F5171A97880800811B79 /* MHResource.m */ = {isa = PBXFileReference; fileEncoding = 4; lastKnownFileType = sourcecode.c.objc; name = MHResource.m; path = MSNet_src/MHResource.m; sourceTree = "<group>"; };
		A6C1F5181A97880800811B79 /* MHServer.h */ = {isa = PBXFileReference; fileEncoding = 4; lastKnownFileType = sourcecode.c.h; name = MHServer.h; path = MSNet_src/MHServer.h; sourceTree = "<group>"; };
		A6C1F5191A97880800811B79 /* MHServer.m */ = {isa = PBXFileReference; fileEncoding = 4; lastKnownFileType = sourcecode.c.objc; name = MHServer.m; path = MSNet_src/MHServer.m; sourceTree = "<group>"; };
		A6C1F51A1A97880800811B79 /* MHSSLSocket.h */ = {isa = PBXFileReference; fileEncoding = 4; lastKnownFileType = sourcecode.c.h; name = MHSSLSocket.h; path = MSNet_src/MHSSLSocket.h; sourceTree = "<group>"; };
		A6C1F51B1A97880800811B79 /* MHSSLSocket.m */ = {isa = PBXFileReference; fileEncoding = 4; lastKnownFileType = sourcecode.c.objc; name = MHSSLSocket.m; path = MSNet_src/MHSSLSocket.m; sourceTree = "<group>"; };
		A6C1F5361A97904300811B79 /* MSNetPlatform.h */ = {isa = PBXFileReference; fileEncoding = 4; lastKnownFileType = sourcecode.c.h; name = MSNetPlatform.h; path = MSNet_src/MSNetPlatform.h; sourceTree = "<group>"; };
		A6C1F5381A97980400811B79 /* MSCSSLInterface.h */ = {isa = PBXFileReference; fileEncoding = 4; lastKnownFileType = sourcecode.c.h; name = MSCSSLInterface.h; path = MSNet_src/MSCSSLInterface.h; sourceTree = "<group>"; };
		A6C1F5391A97980400811B79 /* MSCSSLInterface.m */ = {isa = PBXFileReference; fileEncoding = 4; lastKnownFileType = sourcecode.c.objc; lineEnding = 0; name = MSCSSLInterface.m; path = MSNet_src/MSCSSLInterface.m; sourceTree = "<group>"; xcLanguageSpecificationIdentifier = xcode.lang.objc; };
		A6D359781A76D39A00B87986 /* libMSNetTests.dylib */ = {isa = PBXFileReference; explicitFileType = "compiled.mach-o.dylib"; includeInIndex = 0; path = libMSNetTests.dylib; sourceTree = BUILT_PRODUCTS_DIR; };
		A6D928841ACBE628009C4365 /* css */ = {isa = PBXFileReference; lastKnownFileType = folder; path = css; sourceTree = "<group>"; };
		A6D928861ACBE62E009C4365 /* fonts */ = {isa = PBXFileReference; lastKnownFileType = folder; path = fonts; sourceTree = "<group>"; };
		A6D928881ACBE635009C4365 /* images */ = {isa = PBXFileReference; lastKnownFileType = folder; path = images; sourceTree = "<group>"; };
		A6D928891ACBE635009C4365 /* js */ = {isa = PBXFileReference; lastKnownFileType = folder; path = js; sourceTree = "<group>"; };
		A6D9288C1ACBE7DA009C4365 /* MSFoundation.xcodeproj */ = {isa = PBXFileReference; lastKnownFileType = "wrapper.pb-project"; path = MSFoundation.xcodeproj; sourceTree = "<group>"; };
		A6DA3CD51A9C7DDB00DF9E50 /* MSFoundation.framework */ = {isa = PBXFileReference; lastKnownFileType = wrapper.framework; name = MSFoundation.framework; path = "/opt/microstep/opensourceversion-wo451/framework/MSFoundation.framework"; sourceTree = "<absolute>"; };
		A6E03B8A1A767C5600A97DA3 /* Foundation.framework */ = {isa = PBXFileReference; lastKnownFileType = wrapper.framework; name = Foundation.framework; path = System/Library/Frameworks/Foundation.framework; sourceTree = SDKROOT; };
		A6E03BFB1A7697F300A97DA3 /* libobjc.4.6.dylib */ = {isa = PBXFileReference; lastKnownFileType = "compiled.mach-o.dylib"; name = libobjc.4.6.dylib; path = ../Runtime/libobjc.4.6.dylib; sourceTree = "<group>"; };
		A6F960451A9B1F0D0066DE1C /* libssl.1.0.0.dylib */ = {isa = PBXFileReference; lastKnownFileType = "compiled.mach-o.dylib"; name = libssl.1.0.0.dylib; path = ../3rdparty/darwin/lib/libssl.1.0.0.dylib; sourceTree = "<group>"; };
		A6F960471A9B1F1B0066DE1C /* libcrypto.1.0.0.dylib */ = {isa = PBXFileReference; lastKnownFileType = "compiled.mach-o.dylib"; name = libcrypto.1.0.0.dylib; path = ../3rdparty/darwin/lib/libcrypto.1.0.0.dylib; sourceTree = "<group>"; };
		A6F9604A1A9B1F3E0066DE1C /* libcurl.dylib */ = {isa = PBXFileReference; lastKnownFileType = "compiled.mach-o.dylib"; name = libcurl.dylib; path = usr/lib/libcurl.dylib; sourceTree = SDKROOT; };
/* End PBXFileReference section */

/* Begin PBXFrameworksBuildPhase section */
		A6744DBA1A9B685C00C32812 /* Frameworks */ = {
			isa = PBXFrameworksBuildPhase;
			buildActionMask = 2147483647;
			files = (
				A61738391A9B68D400739DB0 /* Foundation.framework in Frameworks */,
				A6744DC81A9B688700C32812 /* MSNet.framework in Frameworks */,
				A6DA3CD71A9C7DE500DF9E50 /* MSFoundation.framework in Frameworks */,
			);
			runOnlyForDeploymentPostprocessing = 0;
		};
		A69163A11A701754001E42F4 /* Frameworks */ = {
			isa = PBXFrameworksBuildPhase;
			buildActionMask = 2147483647;
			files = (
				A6DA3CD61A9C7DDB00DF9E50 /* MSFoundation.framework in Frameworks */,
				A6F9604B1A9B1F3E0066DE1C /* libcurl.dylib in Frameworks */,
				A6F960481A9B1F1B0066DE1C /* libcrypto.1.0.0.dylib in Frameworks */,
				A6F960461A9B1F0D0066DE1C /* libssl.1.0.0.dylib in Frameworks */,
				A6F960491A9B1F280066DE1C /* Foundation.framework in Frameworks */,
			);
			runOnlyForDeploymentPostprocessing = 0;
		};
		A6D359751A76D39A00B87986 /* Frameworks */ = {
			isa = PBXFrameworksBuildPhase;
			buildActionMask = 2147483647;
			files = (
			);
			runOnlyForDeploymentPostprocessing = 0;
		};
/* End PBXFrameworksBuildPhase section */

/* Begin PBXGroup section */
		A66299571A7A886400B2B60D /* Headers */ = {
			isa = PBXGroup;
			children = (
				A6C1F4721A9785C100811B79 /* MSNet.h */,
				A6C1F4711A9785C100811B79 /* MSNet_Private.h */,
				A6C1F4751A9785E100811B79 /* MSNet_Public.h */,
			);
			name = Headers;
			sourceTree = "<group>";
		};
		A662995A1A7A889A00B2B60D /* Abstraction */ = {
			isa = PBXGroup;
			children = (
				A6C1F5361A97904300811B79 /* MSNetPlatform.h */,
			);
			name = Abstraction;
			sourceTree = "<group>";
		};
		A66299631A7A895400B2B60D /* Sources */ = {
			isa = PBXGroup;
			children = (
				A6C1F4861A9787B900811B79 /* Crypto */,
				A6C1F4791A97876500811B79 /* cURL */,
				A6C1F4C91A9787F600811B79 /* _MHAdminApplication.h */,
				A6C1F4CA1A9787F600811B79 /* _MHAdminApplication.m */,
				A6C1F4CD1A9787F600811B79 /* _MHBunchAllocatorPrivate.h */,
				A6C1F4CE1A9787F600811B79 /* _MHBunchAllocatorPrivate.m */,
				A6C1F4CF1A9787F600811B79 /* _MHBunchRegisterPrivate.h */,
				A6C1F4D01A9787F600811B79 /* _MHBunchRegisterPrivate.m */,
				A6C1F4D11A9787F600811B79 /* _MHContext.h */,
				A6C1F4D21A9787F600811B79 /* _MHContext.m */,
				A6C1F4D71A9787F600811B79 /* _MHOpenSSLPrivate.h */,
				A6C1F4D81A9787F600811B79 /* _MHOpenSSLPrivate.m */,
				A6C1F4D91A9787F600811B79 /* _MHPostProcessingDelegate.h */,
				A6C1F4DA1A9787F600811B79 /* _MHPostProcessingDelegate.m */,
				A6C1F4DB1A9787F600811B79 /* _MHQueuePrivate.h */,
				A6C1F4DC1A9787F600811B79 /* _MHQueuePrivate.m */,
				A6C1F4E11A9787F600811B79 /* _MHSession.h */,
				A6C1F4E21A9787F600811B79 /* _MHSession.m */,
				A6C1F4E51A9787F600811B79 /* _MHThreadPrivate.h */,
				A6C1F4E61A9787F600811B79 /* _MHThreadPrivate.m */,
				A6C1F5071A97880800811B79 /* MHApplication.h */,
				A6C1F5081A97880800811B79 /* MHApplication.m */,
				A6C1F4CB1A9787F600811B79 /* _MHApplicationPrivate.h */,
				A6C1F4CC1A9787F600811B79 /* _MHApplicationPrivate.m */,
				A6C1F5091A97880800811B79 /* MHApplicationClient.h */,
				A6C1F50A1A97880800811B79 /* MHApplicationClient.m */,
				A6C1F50B1A97880800811B79 /* _MHApplicationClientPrivate.h */,
				A6C1F50C1A97880800811B79 /* _MHApplicationClientPrivate.m */,
				A6C1F50D1A97880800811B79 /* MHBunchableObject.h */,
				A6C1F50E1A97880800811B79 /* MHBunchableObject.m */,
				A6C1F50F1A97880800811B79 /* MHHTTPMessage.h */,
				A6C1F5101A97880800811B79 /* MHHTTPMessage.m */,
				A6C1F4C71A9787F600811B79 /* _CHTTPMessagePrivate.h */,
				A6C1F4D31A9787F600811B79 /* _MHHTTPMessagePrivate.h */,
				A6C1F4D41A9787F600811B79 /* _MHHTTPMessagePrivate.m */,
				A6C1F5111A97880800811B79 /* MHLogging.h */,
				A6C1F5121A97880800811B79 /* MHLogging.m */,
				A6C1F5131A97880800811B79 /* MHNotification.h */,
				A6C1F5141A97880800811B79 /* MHNotification.m */,
				A6C1F4C81A9787F600811B79 /* _CNotificationPrivate.h */,
				A6C1F4D51A9787F600811B79 /* _MHNotificationPrivate.h */,
				A6C1F4D61A9787F600811B79 /* _MHNotificationPrivate.m */,
				A6C1F5151A97880800811B79 /* MHPublicProtocols.h */,
				A6C1F5161A97880800811B79 /* MHResource.h */,
				A6C1F5171A97880800811B79 /* MHResource.m */,
				A6C1F4DD1A9787F600811B79 /* _MHResourcePrivate.h */,
				A6C1F4DE1A9787F600811B79 /* _MHResourcePrivate.m */,
				A6C1F5181A97880800811B79 /* MHServer.h */,
				A6C1F5191A97880800811B79 /* MHServer.m */,
				A6C1F4DF1A9787F600811B79 /* _MHServerPrivate.h */,
				A6C1F4E01A9787F600811B79 /* _MHServerPrivate.m */,
				A6C1F5381A97980400811B79 /* MSCSSLInterface.h */,
				A6C1F5391A97980400811B79 /* MSCSSLInterface.m */,
				A6C1F51A1A97880800811B79 /* MHSSLSocket.h */,
				A6C1F51B1A97880800811B79 /* MHSSLSocket.m */,
				A6C1F4E31A9787F600811B79 /* _MHSSLSocketPrivate.h */,
				A6C1F4E41A9787F600811B79 /* _MHSSLSocketPrivate.m */,
				A6C1F4B71A9787E200811B79 /* MSHTTPRequest.h */,
				A6C1F4B81A9787E200811B79 /* MSHTTPRequest.m */,
				A6C1F4B91A9787E200811B79 /* MSHTTPResponse.h */,
				A6C1F4BA1A9787E200811B79 /* MSHTTPResponse.m */,
				A6C1F4BB1A9787E200811B79 /* MSJSONEncoder.h */,
				A6C1F4BC1A9787E200811B79 /* MSJSONEncoder.m */,
				A6C1F4C31A9787EA00811B79 /* MSThreadSafeProxy.h */,
				A6C1F4C41A9787EA00811B79 /* MSThreadSafeProxy.m */,
			);
			name = Sources;
			sourceTree = "<group>";
		};
		A6744D041A9B64EB00C32812 /* Resources */ = {
			isa = PBXGroup;
			children = (
				A6D928841ACBE628009C4365 /* css */,
				A6D928861ACBE62E009C4365 /* fonts */,
				A6D928881ACBE635009C4365 /* images */,
				A6D928891ACBE635009C4365 /* js */,
				A6744D131A9B64EB00C32812 /* default_application_login.html */,
				A6744D141A9B64EB00C32812 /* default_choice_login.html */,
				A6744D511A9B64EB00C32812 /* loader.html */,
				A6744D521A9B64EB00C32812 /* mimeTypes.plist */,
				A6744D531A9B64EB00C32812 /* paramsDict.config */,
				A6744D541A9B64EB00C32812 /* usersGroups.config */,
				A6744D551A9B64EB00C32812 /* version.config */,
			);
			name = Resources;
			path = MSNet_src/Resources;
			sourceTree = "<group>";
		};
		A6744DB51A9B683800C32812 /* MHServer */ = {
			isa = PBXGroup;
			children = (
				A6744DB71A9B683800C32812 /* MASHServer.config */,
				A6744DB81A9B683800C32812 /* MASHServer_main.m */,
			);
			name = MHServer;
			path = MHServer_src;
			sourceTree = "<group>";
		};
		A69163791A7016E6001E42F4 = {
			isa = PBXGroup;
			children = (
				A6D9288C1ACBE7DA009C4365 /* MSFoundation.xcodeproj */,
				A6E037F31A762FDC00A97DA3 /* MSNet */,
				A6744DB51A9B683800C32812 /* MHServer */,
				A69163861A7016E6001E42F4 /* Supporting Files */,
			);
			sourceTree = "<group>";
		};
		A69163841A7016E6001E42F4 /* Products */ = {
			isa = PBXGroup;
			children = (
				A69163A81A701754001E42F4 /* MSNet.framework */,
				A6D359781A76D39A00B87986 /* libMSNetTests.dylib */,
				A6744DBD1A9B685C00C32812 /* MASHServer */,
			);
			name = Products;
			path = ..;
			sourceTree = "<group>";
		};
		A69163861A7016E6001E42F4 /* Supporting Files */ = {
			isa = PBXGroup;
			children = (
				A6E03B8C1A767DCA00A97DA3 /* Dependencies */,
				A69163841A7016E6001E42F4 /* Products */,
			);
			name = "Supporting Files";
			path = MSFoundation;
			sourceTree = "<group>";
		};
		A6C1F4791A97876500811B79 /* cURL */ = {
			isa = PBXGroup;
			children = (
				A6C1F4AB1A9787D400811B79 /* MSCurlHandler.h */,
				A6C1F4AC1A9787D400811B79 /* MSCurlHandler.m */,
				A6C1F4AD1A9787D400811B79 /* MSCurlInterface_Private.h */,
				A6C1F4AE1A9787D400811B79 /* MSCurlInterface_Private.m */,
				A6C1F4AF1A9787D400811B79 /* MSCurlSendMail.h */,
				A6C1F4B01A9787D400811B79 /* MSCurlSendMail.m */,
			);
			name = cURL;
			sourceTree = "<group>";
		};
		A6C1F4861A9787B900811B79 /* Crypto */ = {
			isa = PBXGroup;
			children = (
				A6C1F4871A9787B900811B79 /* _MSCipherPrivate.h */,
				A6C1F4911A9787B900811B79 /* MSCertificate.h */,
				A6C1F4921A9787B900811B79 /* MSCertificate.m */,
				A6C1F4931A9787B900811B79 /* MSCipher.h */,
				A6C1F4941A9787B900811B79 /* MSCipher.m */,
				A6C1F48A1A9787B900811B79 /* _RSACipher.h */,
				A6C1F48B1A9787B900811B79 /* _RSACipher.m */,
				A6C1F48C1A9787B900811B79 /* _SymmetricCipher.h */,
				A6C1F48D1A9787B900811B79 /* _SymmetricCipher.m */,
				A6C1F48E1A9787B900811B79 /* _SymmetricRSACipher.h */,
				A6C1F48F1A9787B900811B79 /* _SymmetricRSACipher.m */,
				A6C1F4951A9787B900811B79 /* MSDigest.h */,
				A6C1F4961A9787B900811B79 /* MSDigest.m */,
				A6C1F4881A9787B900811B79 /* _MSDigest.h */,
				A6C1F4891A9787B900811B79 /* _MSDigest.m */,
				A6C1F4971A9787B900811B79 /* MSSecureHash.h */,
				A6C1F4981A9787B900811B79 /* MSSecureHash.m */,
			);
			name = Crypto;
			path = MSNet_src/Crypto_src;
			sourceTree = "<group>";
		};
		A6D9288D1ACBE7DA009C4365 /* Products */ = {
			isa = PBXGroup;
			children = (
				A6D9289F1ACBE7DB009C4365 /* libMSCore.dylib */,
				A6D928A11ACBE7DB009C4365 /* libMSCoreCTests.dylib */,
				A6D928A31ACBE7DB009C4365 /* MSFoundationForCocoa.framework */,
				A6D928A51ACBE7DB009C4365 /* libMSFoundationForCocoaTests.dylib */,
				A6D928A71ACBE7DB009C4365 /* MSFoundation.framework */,
				A6D928A91ACBE7DB009C4365 /* libMSFoundationTests.dylib */,
				A6D928AB1ACBE7DB009C4365 /* MSTests */,
				A6D928AD1ACBE7DB009C4365 /* simple */,
				A6D928AF1ACBE7DB009C4365 /* libMSCore.dylib */,
				A6D928B11ACBE7DB009C4365 /* MSFoundation.framework */,
				A6D928B31ACBE7DB009C4365 /* libMSFoundationTests.dylib */,
				A6D928B51ACBE7DB009C4365 /* MSTests */,
			);
			name = Products;
			sourceTree = "<group>";
		};
		A6E037F31A762FDC00A97DA3 /* MSNet */ = {
			isa = PBXGroup;
			children = (
				A66299571A7A886400B2B60D /* Headers */,
				A662995A1A7A889A00B2B60D /* Abstraction */,
				A66299631A7A895400B2B60D /* Sources */,
				A6E0388C1A76303000A97DA3 /* Tests */,
				A6744D041A9B64EB00C32812 /* Resources */,
			);
			name = MSNet;
			sourceTree = "<group>";
		};
		A6E0388C1A76303000A97DA3 /* Tests */ = {
			isa = PBXGroup;
			children = (
			);
			name = Tests;
			sourceTree = "<group>";
		};
		A6E03B8C1A767DCA00A97DA3 /* Dependencies */ = {
			isa = PBXGroup;
			children = (
				A6F9604A1A9B1F3E0066DE1C /* libcurl.dylib */,
				A6F960471A9B1F1B0066DE1C /* libcrypto.1.0.0.dylib */,
				A6F960451A9B1F0D0066DE1C /* libssl.1.0.0.dylib */,
				A64D64D21A77EFFD00CCA6D7 /* libobjc.dylib */,
				A6E03BFB1A7697F300A97DA3 /* libobjc.4.6.dylib */,
				A6DA3CD51A9C7DDB00DF9E50 /* MSFoundation.framework */,
				A6E03B8A1A767C5600A97DA3 /* Foundation.framework */,
			);
			name = Dependencies;
			sourceTree = "<group>";
		};
/* End PBXGroup section */

/* Begin PBXHeadersBuildPhase section */
		A69163A21A701754001E42F4 /* Headers */ = {
			isa = PBXHeadersBuildPhase;
			buildActionMask = 2147483647;
			files = (
				A6C1F5241A97880800811B79 /* MHHTTPMessage.h in Headers */,
				A6C1F5281A97880800811B79 /* MHNotification.h in Headers */,
				A6C1F52A1A97880800811B79 /* MHPublicProtocols.h in Headers */,
				A6C1F4B31A9787D400811B79 /* MSCurlInterface_Private.h in Headers */,
				A6C1F4FD1A9787F600811B79 /* _MHResourcePrivate.h in Headers */,
				A6C1F4A01A9787B900811B79 /* _SymmetricRSACipher.h in Headers */,
				A6C1F4E71A9787F600811B79 /* _CHTTPMessagePrivate.h in Headers */,
				A6C1F4BF1A9787E200811B79 /* MSHTTPResponse.h in Headers */,
				A6C1F4C11A9787E200811B79 /* MSJSONEncoder.h in Headers */,
				A6C1F4B11A9787D400811B79 /* MSCurlHandler.h in Headers */,
				A6C1F4FB1A9787F600811B79 /* _MHQueuePrivate.h in Headers */,
				A6C1F4E91A9787F600811B79 /* _MHAdminApplication.h in Headers */,
				A6C1F52F1A97880800811B79 /* MHSSLSocket.h in Headers */,
				A6C1F4A51A9787B900811B79 /* MSCipher.h in Headers */,
				A6C1F4EF1A9787F600811B79 /* _MHBunchRegisterPrivate.h in Headers */,
				A6C1F5201A97880800811B79 /* _MHApplicationClientPrivate.h in Headers */,
				A6C1F52B1A97880800811B79 /* MHResource.h in Headers */,
				A6C1F4ED1A9787F600811B79 /* _MHBunchAllocatorPrivate.h in Headers */,
				A6C1F4A71A9787B900811B79 /* MSDigest.h in Headers */,
				A6C1F5261A97880800811B79 /* MHLogging.h in Headers */,
				A6C1F4761A9785E100811B79 /* MSNet_Public.h in Headers */,
				A6C1F4991A9787B900811B79 /* _MSCipherPrivate.h in Headers */,
				A6C1F51E1A97880800811B79 /* MHApplicationClient.h in Headers */,
				A6C1F49C1A9787B900811B79 /* _RSACipher.h in Headers */,
				A6C1F4C51A9787EA00811B79 /* MSThreadSafeProxy.h in Headers */,
				A6C1F52D1A97880800811B79 /* MHServer.h in Headers */,
				A6C1F4741A9785C100811B79 /* MSNet.h in Headers */,
				A6C1F4A91A9787B900811B79 /* MSSecureHash.h in Headers */,
				A6C1F4EB1A9787F600811B79 /* _MHApplicationPrivate.h in Headers */,
				A6C1F5011A9787F600811B79 /* _MHSession.h in Headers */,
				A6C1F49E1A9787B900811B79 /* _SymmetricCipher.h in Headers */,
				A6C1F4B51A9787D400811B79 /* MSCurlSendMail.h in Headers */,
				A6C1F5221A97880800811B79 /* MHBunchableObject.h in Headers */,
				A6C1F4F51A9787F600811B79 /* _MHNotificationPrivate.h in Headers */,
				A6C1F5031A9787F600811B79 /* _MHSSLSocketPrivate.h in Headers */,
				A6C1F4F91A9787F600811B79 /* _MHPostProcessingDelegate.h in Headers */,
				A6C1F51C1A97880800811B79 /* MHApplication.h in Headers */,
				A6C1F4F71A9787F600811B79 /* _MHOpenSSLPrivate.h in Headers */,
				A6C1F53A1A97980400811B79 /* MSCSSLInterface.h in Headers */,
				A6C1F4E81A9787F600811B79 /* _CNotificationPrivate.h in Headers */,
				A6C1F49A1A9787B900811B79 /* _MSDigest.h in Headers */,
				A6C1F4FF1A9787F600811B79 /* _MHServerPrivate.h in Headers */,
				A6C1F4F31A9787F600811B79 /* _MHHTTPMessagePrivate.h in Headers */,
				A6C1F5051A9787F600811B79 /* _MHThreadPrivate.h in Headers */,
				A6C1F4731A9785C100811B79 /* MSNet_Private.h in Headers */,
				A6C1F5371A97904300811B79 /* MSNetPlatform.h in Headers */,
				A6C1F4BD1A9787E200811B79 /* MSHTTPRequest.h in Headers */,
				A6C1F4A31A9787B900811B79 /* MSCertificate.h in Headers */,
				A6C1F4F11A9787F600811B79 /* _MHContext.h in Headers */,
			);
			runOnlyForDeploymentPostprocessing = 0;
		};
		A6D359761A76D39A00B87986 /* Headers */ = {
			isa = PBXHeadersBuildPhase;
			buildActionMask = 2147483647;
			files = (
			);
			runOnlyForDeploymentPostprocessing = 0;
		};
/* End PBXHeadersBuildPhase section */

/* Begin PBXNativeTarget section */
		A6744DBC1A9B685C00C32812 /* MHServer_wo451 */ = {
			isa = PBXNativeTarget;
			buildConfigurationList = A6744DC11A9B685C00C32812 /* Build configuration list for PBXNativeTarget "MHServer_wo451" */;
			buildPhases = (
				A6744DB91A9B685C00C32812 /* Sources */,
				A6744DBA1A9B685C00C32812 /* Frameworks */,
				A6744DBB1A9B685C00C32812 /* CopyFiles */,
			);
			buildRules = (
			);
			dependencies = (
				A6DA3CD91A9C7DFF00DF9E50 /* PBXTargetDependency */,
			);
			name = MHServer_wo451;
			productName = MHServer;
			productReference = A6744DBD1A9B685C00C32812 /* MASHServer */;
			productType = "com.apple.product-type.tool";
		};
		A691639F1A701754001E42F4 /* MSNet_wo451 */ = {
			isa = PBXNativeTarget;
			buildConfigurationList = A69163A51A701754001E42F4 /* Build configuration list for PBXNativeTarget "MSNet_wo451" */;
			buildPhases = (
				A69163A01A701754001E42F4 /* Sources */,
				A69163A11A701754001E42F4 /* Frameworks */,
				A69163A21A701754001E42F4 /* Headers */,
				A69163A41A701754001E42F4 /* Resources */,
			);
			buildRules = (
			);
			dependencies = (
				A6D928E11ACBE872009C4365 /* PBXTargetDependency */,
			);
			name = MSNet_wo451;
			productName = MSFoundation;
			productReference = A69163A81A701754001E42F4 /* MSNet.framework */;
			productType = "com.apple.product-type.framework";
		};
		A6D359771A76D39A00B87986 /* MSNetTests_wo451 */ = {
			isa = PBXNativeTarget;
			buildConfigurationList = A6D359791A76D39A00B87986 /* Build configuration list for PBXNativeTarget "MSNetTests_wo451" */;
			buildPhases = (
				A6D359741A76D39A00B87986 /* Sources */,
				A6D359751A76D39A00B87986 /* Frameworks */,
				A6D359761A76D39A00B87986 /* Headers */,
			);
			buildRules = (
			);
			dependencies = (
				A6D3598C1A77977400B87986 /* PBXTargetDependency */,
			);
			name = MSNetTests_wo451;
			productName = FoundationTests;
			productReference = A6D359781A76D39A00B87986 /* libMSNetTests.dylib */;
			productType = "com.apple.product-type.library.dynamic";
		};
/* End PBXNativeTarget section */

/* Begin PBXProject section */
		A691637A1A7016E6001E42F4 /* Project object */ = {
			isa = PBXProject;
			attributes = {
				LastUpgradeCheck = 0610;
				MicroStepPlugin = {
					CrossCompilationToolchains = {
						wo451 = {
							addIncludePaths = 3rdparty/wo451/include;
							addLibraryPaths = 3rdparty/wo451/lib;
							addLinkerFlags = "-lkernel32.mingw";
							delCompilationFlags = "-Wconversion;-Wselector;-Wshadow";
							wo451BinariesPath = "D:\\MicroStep3\\Executables";
							wo451BundlesPath = "D:\\MicroStep3\\Bundles";
							wo451FrameworksPath = "D:\\MicroStep3\\Frameworks";
							wo451Install = 1;
						};
					};
				};
				ORGANIZATIONNAME = OpenMicroStep;
				TargetAttributes = {
					A6744DBC1A9B685C00C32812 = {
						CreatedOnToolsVersion = 6.1.1;
					};
					A691639F1A701754001E42F4 = {
						MicroStepPlugin = {
							CrossCompilationToolchains = {
								wo451 = {
									delLinkerFlags = "-lcrypto.1.0.0 -lssl.1.0.0";
								};
							};
						};
					};
					A6D359771A76D39A00B87986 = {
						CreatedOnToolsVersion = 6.1.1;
					};
					A6D928E21ACBE881009C4365 = {
						CreatedOnToolsVersion = 6.1.1;
					};
				};
			};
			buildConfigurationList = A691637D1A7016E6001E42F4 /* Build configuration list for PBXProject "MSNet" */;
			compatibilityVersion = "Xcode 3.2";
			developmentRegion = English;
			hasScannedForEncodings = 0;
			knownRegions = (
				en,
			);
			mainGroup = A69163791A7016E6001E42F4;
			productRefGroup = A69163841A7016E6001E42F4 /* Products */;
			projectDirPath = "";
			projectReferences = (
				{
					ProductGroup = A6D9288D1ACBE7DA009C4365 /* Products */;
					ProjectRef = A6D9288C1ACBE7DA009C4365 /* MSFoundation.xcodeproj */;
				},
			);
			projectRoot = "";
			targets = (
				A6D928E21ACBE881009C4365 /* All MSNet WO451 */,
				A691639F1A701754001E42F4 /* MSNet_wo451 */,
				A6D359771A76D39A00B87986 /* MSNetTests_wo451 */,
				A6744DBC1A9B685C00C32812 /* MHServer_wo451 */,
			);
		};
/* End PBXProject section */

/* Begin PBXReferenceProxy section */
		A6D9289F1ACBE7DB009C4365 /* libMSCore.dylib */ = {
			isa = PBXReferenceProxy;
			fileType = "compiled.mach-o.dylib";
			path = libMSCore.dylib;
			remoteRef = A6D9289E1ACBE7DB009C4365 /* PBXContainerItemProxy */;
			sourceTree = BUILT_PRODUCTS_DIR;
		};
		A6D928A11ACBE7DB009C4365 /* libMSCoreCTests.dylib */ = {
			isa = PBXReferenceProxy;
			fileType = "compiled.mach-o.dylib";
			path = libMSCoreCTests.dylib;
			remoteRef = A6D928A01ACBE7DB009C4365 /* PBXContainerItemProxy */;
			sourceTree = BUILT_PRODUCTS_DIR;
		};
		A6D928A31ACBE7DB009C4365 /* MSFoundationForCocoa.framework */ = {
			isa = PBXReferenceProxy;
			fileType = wrapper.framework;
			path = MSFoundationForCocoa.framework;
			remoteRef = A6D928A21ACBE7DB009C4365 /* PBXContainerItemProxy */;
			sourceTree = BUILT_PRODUCTS_DIR;
		};
		A6D928A51ACBE7DB009C4365 /* libMSFoundationForCocoaTests.dylib */ = {
			isa = PBXReferenceProxy;
			fileType = "compiled.mach-o.dylib";
			path = libMSFoundationForCocoaTests.dylib;
			remoteRef = A6D928A41ACBE7DB009C4365 /* PBXContainerItemProxy */;
			sourceTree = BUILT_PRODUCTS_DIR;
		};
		A6D928A71ACBE7DB009C4365 /* MSFoundation.framework */ = {
			isa = PBXReferenceProxy;
			fileType = wrapper.framework;
			path = MSFoundation.framework;
			remoteRef = A6D928A61ACBE7DB009C4365 /* PBXContainerItemProxy */;
			sourceTree = BUILT_PRODUCTS_DIR;
		};
		A6D928A91ACBE7DB009C4365 /* libMSFoundationTests.dylib */ = {
			isa = PBXReferenceProxy;
			fileType = "compiled.mach-o.dylib";
			path = libMSFoundationTests.dylib;
			remoteRef = A6D928A81ACBE7DB009C4365 /* PBXContainerItemProxy */;
			sourceTree = BUILT_PRODUCTS_DIR;
		};
		A6D928AB1ACBE7DB009C4365 /* MSTests */ = {
			isa = PBXReferenceProxy;
			fileType = "compiled.mach-o.executable";
			path = MSTests;
			remoteRef = A6D928AA1ACBE7DB009C4365 /* PBXContainerItemProxy */;
			sourceTree = BUILT_PRODUCTS_DIR;
		};
		A6D928AD1ACBE7DB009C4365 /* simple */ = {
			isa = PBXReferenceProxy;
			fileType = "compiled.mach-o.executable";
			path = simple;
			remoteRef = A6D928AC1ACBE7DB009C4365 /* PBXContainerItemProxy */;
			sourceTree = BUILT_PRODUCTS_DIR;
		};
		A6D928AF1ACBE7DB009C4365 /* libMSCore.dylib */ = {
			isa = PBXReferenceProxy;
			fileType = "compiled.mach-o.dylib";
			path = libMSCore.dylib;
			remoteRef = A6D928AE1ACBE7DB009C4365 /* PBXContainerItemProxy */;
			sourceTree = BUILT_PRODUCTS_DIR;
		};
		A6D928B11ACBE7DB009C4365 /* MSFoundation.framework */ = {
			isa = PBXReferenceProxy;
			fileType = wrapper.framework;
			path = MSFoundation.framework;
			remoteRef = A6D928B01ACBE7DB009C4365 /* PBXContainerItemProxy */;
			sourceTree = BUILT_PRODUCTS_DIR;
		};
		A6D928B31ACBE7DB009C4365 /* libMSFoundationTests.dylib */ = {
			isa = PBXReferenceProxy;
			fileType = "compiled.mach-o.dylib";
			path = libMSFoundationTests.dylib;
			remoteRef = A6D928B21ACBE7DB009C4365 /* PBXContainerItemProxy */;
			sourceTree = BUILT_PRODUCTS_DIR;
		};
		A6D928B51ACBE7DB009C4365 /* MSTests */ = {
			isa = PBXReferenceProxy;
			fileType = "compiled.mach-o.executable";
			path = MSTests;
			remoteRef = A6D928B41ACBE7DB009C4365 /* PBXContainerItemProxy */;
			sourceTree = BUILT_PRODUCTS_DIR;
		};
/* End PBXReferenceProxy section */

/* Begin PBXResourcesBuildPhase section */
		A69163A41A701754001E42F4 /* Resources */ = {
			isa = PBXResourcesBuildPhase;
			buildActionMask = 2147483647;
			files = (
				A6D9288A1ACBE635009C4365 /* images in Resources */,
				A6744D911A9B64EB00C32812 /* usersGroups.config in Resources */,
				A6744D8F1A9B64EB00C32812 /* mimeTypes.plist in Resources */,
				A6744D901A9B64EB00C32812 /* paramsDict.config in Resources */,
				A6744D601A9B64EB00C32812 /* default_choice_login.html in Resources */,
				A6D928851ACBE628009C4365 /* css in Resources */,
				A6D9288B1ACBE635009C4365 /* js in Resources */,
				A6744D5F1A9B64EB00C32812 /* default_application_login.html in Resources */,
				A6D928871ACBE62E009C4365 /* fonts in Resources */,
				A6744D921A9B64EB00C32812 /* version.config in Resources */,
				A6744D8E1A9B64EB00C32812 /* loader.html in Resources */,
			);
			runOnlyForDeploymentPostprocessing = 0;
		};
/* End PBXResourcesBuildPhase section */

/* Begin PBXSourcesBuildPhase section */
		A6744DB91A9B685C00C32812 /* Sources */ = {
			isa = PBXSourcesBuildPhase;
			buildActionMask = 2147483647;
			files = (
				A6744DC51A9B686F00C32812 /* MASHServer_main.m in Sources */,
			);
			runOnlyForDeploymentPostprocessing = 0;
		};
		A69163A01A701754001E42F4 /* Sources */ = {
			isa = PBXSourcesBuildPhase;
			buildActionMask = 2147483647;
			files = (
				A6C1F52E1A97880800811B79 /* MHServer.m in Sources */,
				A6C1F4FC1A9787F600811B79 /* _MHQueuePrivate.m in Sources */,
				A6C1F53B1A97980400811B79 /* MSCSSLInterface.m in Sources */,
				A6C1F4FA1A9787F600811B79 /* _MHPostProcessingDelegate.m in Sources */,
				A6C1F4F21A9787F600811B79 /* _MHContext.m in Sources */,
				A6C1F4F01A9787F600811B79 /* _MHBunchRegisterPrivate.m in Sources */,
				A6C1F52C1A97880800811B79 /* MHResource.m in Sources */,
				A6C1F49B1A9787B900811B79 /* _MSDigest.m in Sources */,
				A6C1F4EA1A9787F600811B79 /* _MHAdminApplication.m in Sources */,
				A6C1F5211A97880800811B79 /* _MHApplicationClientPrivate.m in Sources */,
				A6C1F4EC1A9787F600811B79 /* _MHApplicationPrivate.m in Sources */,
				A6C1F5291A97880800811B79 /* MHNotification.m in Sources */,
				A6C1F4C01A9787E200811B79 /* MSHTTPResponse.m in Sources */,
				A6C1F4AA1A9787B900811B79 /* MSSecureHash.m in Sources */,
				A6C1F4F41A9787F600811B79 /* _MHHTTPMessagePrivate.m in Sources */,
				A6C1F5001A9787F600811B79 /* _MHServerPrivate.m in Sources */,
				A6C1F5021A9787F600811B79 /* _MHSession.m in Sources */,
				A6C1F4A11A9787B900811B79 /* _SymmetricRSACipher.m in Sources */,
				A6C1F4F61A9787F600811B79 /* _MHNotificationPrivate.m in Sources */,
				A6C1F4F81A9787F600811B79 /* _MHOpenSSLPrivate.m in Sources */,
				A6C1F4C21A9787E200811B79 /* MSJSONEncoder.m in Sources */,
				A6C1F4C61A9787EA00811B79 /* MSThreadSafeProxy.m in Sources */,
				A6C1F49D1A9787B900811B79 /* _RSACipher.m in Sources */,
				A6C1F4EE1A9787F600811B79 /* _MHBunchAllocatorPrivate.m in Sources */,
				A6C1F49F1A9787B900811B79 /* _SymmetricCipher.m in Sources */,
				A6C1F5301A97880800811B79 /* MHSSLSocket.m in Sources */,
				A6C1F4A81A9787B900811B79 /* MSDigest.m in Sources */,
				A6C1F4B21A9787D400811B79 /* MSCurlHandler.m in Sources */,
				A6C1F4A41A9787B900811B79 /* MSCertificate.m in Sources */,
				A6C1F4A61A9787B900811B79 /* MSCipher.m in Sources */,
				A6C1F51F1A97880800811B79 /* MHApplicationClient.m in Sources */,
				A6C1F5041A9787F600811B79 /* _MHSSLSocketPrivate.m in Sources */,
				A6C1F5251A97880800811B79 /* MHHTTPMessage.m in Sources */,
				A6C1F4B61A9787D400811B79 /* MSCurlSendMail.m in Sources */,
				A6C1F5061A9787F600811B79 /* _MHThreadPrivate.m in Sources */,
				A6C1F5271A97880800811B79 /* MHLogging.m in Sources */,
				A6C1F51D1A97880800811B79 /* MHApplication.m in Sources */,
				A6C1F5231A97880800811B79 /* MHBunchableObject.m in Sources */,
				A6C1F4B41A9787D400811B79 /* MSCurlInterface_Private.m in Sources */,
				A6C1F4FE1A9787F600811B79 /* _MHResourcePrivate.m in Sources */,
				A6C1F4BE1A9787E200811B79 /* MSHTTPRequest.m in Sources */,
			);
			runOnlyForDeploymentPostprocessing = 0;
		};
		A6D359741A76D39A00B87986 /* Sources */ = {
			isa = PBXSourcesBuildPhase;
			buildActionMask = 2147483647;
			files = (
			);
			runOnlyForDeploymentPostprocessing = 0;
		};
/* End PBXSourcesBuildPhase section */

/* Begin PBXTargetDependency section */
		A6D3598C1A77977400B87986 /* PBXTargetDependency */ = {
			isa = PBXTargetDependency;
			target = A691639F1A701754001E42F4 /* MSNet_wo451 */;
			targetProxy = A6D3598B1A77977400B87986 /* PBXContainerItemProxy */;
		};
		A6D928E11ACBE872009C4365 /* PBXTargetDependency */ = {
			isa = PBXTargetDependency;
			name = MSFoundation_wo451;
			targetProxy = A6D928E01ACBE872009C4365 /* PBXContainerItemProxy */;
		};
		A6D928E71ACBE888009C4365 /* PBXTargetDependency */ = {
			isa = PBXTargetDependency;
			target = A691639F1A701754001E42F4 /* MSNet_wo451 */;
			targetProxy = A6D928E61ACBE888009C4365 /* PBXContainerItemProxy */;
		};
		A6D928E91ACBE888009C4365 /* PBXTargetDependency */ = {
			isa = PBXTargetDependency;
			target = A6D359771A76D39A00B87986 /* MSNetTests_wo451 */;
			targetProxy = A6D928E81ACBE888009C4365 /* PBXContainerItemProxy */;
		};
		A6D928EB1ACBE888009C4365 /* PBXTargetDependency */ = {
			isa = PBXTargetDependency;
			target = A6744DBC1A9B685C00C32812 /* MHServer_wo451 */;
			targetProxy = A6D928EA1ACBE888009C4365 /* PBXContainerItemProxy */;
		};
		A6DA3CD91A9C7DFF00DF9E50 /* PBXTargetDependency */ = {
			isa = PBXTargetDependency;
			target = A691639F1A701754001E42F4 /* MSNet_wo451 */;
			targetProxy = A6DA3CD81A9C7DFF00DF9E50 /* PBXContainerItemProxy */;
		};
/* End PBXTargetDependency section */

/* Begin XCBuildConfiguration section */
		A6744DC21A9B685C00C32812 /* Debug */ = {
			isa = XCBuildConfiguration;
			buildSettings = {
				INSTALL_PATH = /bin;
				PRODUCT_NAME = MASHServer;
			};
			name = Debug;
		};
		A6744DC31A9B685C00C32812 /* Release */ = {
			isa = XCBuildConfiguration;
			buildSettings = {
				INSTALL_PATH = /bin;
				PRODUCT_NAME = MASHServer;
			};
			name = Release;
		};
		A69163971A7016E6001E42F4 /* Debug */ = {
			isa = XCBuildConfiguration;
			buildSettings = {
				ALWAYS_SEARCH_USER_PATHS = NO;
				CLANG_CXX_LANGUAGE_STANDARD = "c++0x";
				CLANG_CXX_LIBRARY = "libc++";
				CLANG_ENABLE_MODULES = NO;
				CLANG_ENABLE_OBJC_ARC = NO;
				CLANG_LINK_OBJC_RUNTIME = NO;
				CLANG_MODULES_AUTOLINK = NO;
				CLANG_WARN_BOOL_CONVERSION = YES;
				CLANG_WARN_CONSTANT_CONVERSION = YES;
				CLANG_WARN_DIRECT_OBJC_ISA_USAGE = NO;
				CLANG_WARN_EMPTY_BODY = YES;
				CLANG_WARN_ENUM_CONVERSION = YES;
				CLANG_WARN_INT_CONVERSION = YES;
				CLANG_WARN_OBJC_IMPLICIT_ATOMIC_PROPERTIES = YES;
				CLANG_WARN_OBJC_MISSING_PROPERTY_SYNTHESIS = YES;
				CLANG_WARN_OBJC_ROOT_CLASS = NO;
				CLANG_WARN_UNREACHABLE_CODE = YES;
				CLANG_WARN__DUPLICATE_METHOD_MATCH = YES;
				COPY_PHASE_STRIP = NO;
				CURRENT_PROJECT_VERSION = 1;
				DEPLOYMENT_LOCATION = YES;
				DSTROOT = $MICROSTEP_PATH/;
				ENABLE_STRICT_OBJC_MSGSEND = YES;
				FRAMEWORK_SEARCH_PATHS = $MICROSTEP_PATH/framework;
				GCC_C_LANGUAGE_STANDARD = c11;
				GCC_DYNAMIC_NO_PIC = NO;
				GCC_OPTIMIZATION_LEVEL = 0;
				GCC_PREPROCESSOR_DEFINITIONS = (
					"DEBUG=1",
					"$(inherited)",
				);
				GCC_SYMBOLS_PRIVATE_EXTERN = NO;
				GCC_TREAT_IMPLICIT_FUNCTION_DECLARATIONS_AS_ERRORS = YES;
				GCC_VERSION = com.apple.compilers.crosscompilation;
				GCC_WARN_64_TO_32_BIT_CONVERSION = YES;
				GCC_WARN_ABOUT_MISSING_FIELD_INITIALIZERS = NO;
				GCC_WARN_ABOUT_MISSING_NEWLINE = YES;
				GCC_WARN_ABOUT_RETURN_TYPE = YES_ERROR;
				GCC_WARN_ALLOW_INCOMPLETE_PROTOCOL = YES;
				GCC_WARN_CHECK_SWITCH_STATEMENTS = YES;
				GCC_WARN_MULTIPLE_DEFINITION_TYPES_FOR_SELECTOR = NO;
				GCC_WARN_UNDECLARED_SELECTOR = YES;
				GCC_WARN_UNINITIALIZED_AUTOS = YES_AGGRESSIVE;
				GCC_WARN_UNUSED_FUNCTION = YES;
				GCC_WARN_UNUSED_VARIABLE = YES;
				HEADER_SEARCH_PATHS = (
					"$(inherited)",
					$MICROSTEP_PATH/include,
					"$(PROJECT_DIR)/3rdparty/$(MICROSTEP_ARCH)/include",
				);
				LIBRARY_SEARCH_PATHS = "$(PROJECT_DIR)/3rdparty/$MICROSTEP_ARCH/lib";
				MACOSX_DEPLOYMENT_TARGET = 10.10;
				MICROSTEP_ARCH = wo451;
				MICROSTEP_PATH = /opt/microstep/$MICROSTEP_ARCH;
				MSOBJC_C_FLAGS = "";
				MTL_ENABLE_DEBUG_INFO = YES;
				ONLY_ACTIVE_ARCH = YES;
				OTHER_CFLAGS = "-DMSFOUNDATION_FORCOCOA";
				SDKROOT = "cross-compilation";
				VERSIONING_SYSTEM = "";
				VERSION_INFO_PREFIX = "";
			};
			name = Debug;
		};
		A69163981A7016E6001E42F4 /* Release */ = {
			isa = XCBuildConfiguration;
			buildSettings = {
				ALWAYS_SEARCH_USER_PATHS = NO;
				CLANG_CXX_LANGUAGE_STANDARD = "c++0x";
				CLANG_CXX_LIBRARY = "libc++";
				CLANG_ENABLE_MODULES = NO;
				CLANG_ENABLE_OBJC_ARC = NO;
				CLANG_LINK_OBJC_RUNTIME = NO;
				CLANG_MODULES_AUTOLINK = NO;
				CLANG_WARN_BOOL_CONVERSION = YES;
				CLANG_WARN_CONSTANT_CONVERSION = YES;
				CLANG_WARN_DIRECT_OBJC_ISA_USAGE = NO;
				CLANG_WARN_EMPTY_BODY = YES;
				CLANG_WARN_ENUM_CONVERSION = YES;
				CLANG_WARN_INT_CONVERSION = YES;
				CLANG_WARN_OBJC_IMPLICIT_ATOMIC_PROPERTIES = YES;
				CLANG_WARN_OBJC_MISSING_PROPERTY_SYNTHESIS = YES;
				CLANG_WARN_OBJC_ROOT_CLASS = NO;
				CLANG_WARN_UNREACHABLE_CODE = YES;
				CLANG_WARN__DUPLICATE_METHOD_MATCH = YES;
				COPY_PHASE_STRIP = YES;
				CURRENT_PROJECT_VERSION = 1;
				DEBUG_INFORMATION_FORMAT = "dwarf-with-dsym";
				DEPLOYMENT_LOCATION = YES;
				DSTROOT = $MICROSTEP_PATH/;
				ENABLE_NS_ASSERTIONS = NO;
				ENABLE_STRICT_OBJC_MSGSEND = YES;
				FRAMEWORK_SEARCH_PATHS = $MICROSTEP_PATH/framework;
				GCC_C_LANGUAGE_STANDARD = c11;
				GCC_TREAT_IMPLICIT_FUNCTION_DECLARATIONS_AS_ERRORS = YES;
				GCC_VERSION = com.apple.compilers.crosscompilation;
				GCC_WARN_64_TO_32_BIT_CONVERSION = YES;
				GCC_WARN_ABOUT_MISSING_FIELD_INITIALIZERS = NO;
				GCC_WARN_ABOUT_MISSING_NEWLINE = YES;
				GCC_WARN_ABOUT_RETURN_TYPE = YES_ERROR;
				GCC_WARN_ALLOW_INCOMPLETE_PROTOCOL = YES;
				GCC_WARN_CHECK_SWITCH_STATEMENTS = YES;
				GCC_WARN_MULTIPLE_DEFINITION_TYPES_FOR_SELECTOR = NO;
				GCC_WARN_UNDECLARED_SELECTOR = YES;
				GCC_WARN_UNINITIALIZED_AUTOS = YES_AGGRESSIVE;
				GCC_WARN_UNUSED_FUNCTION = YES;
				GCC_WARN_UNUSED_VARIABLE = YES;
				HEADER_SEARCH_PATHS = (
					"$(inherited)",
					$MICROSTEP_PATH/include,
					"$(PROJECT_DIR)/3rdparty/$(MICROSTEP_ARCH)/include",
				);
				LIBRARY_SEARCH_PATHS = "$(PROJECT_DIR)/3rdparty/$MICROSTEP_ARCH/lib";
				MACOSX_DEPLOYMENT_TARGET = 10.10;
				MICROSTEP_ARCH = wo451;
				MICROSTEP_PATH = /opt/microstep/$MICROSTEP_ARCH;
				MSOBJC_C_FLAGS = "";
				MTL_ENABLE_DEBUG_INFO = NO;
				OTHER_CFLAGS = "-DMSFOUNDATION_FORCOCOA";
				SDKROOT = "cross-compilation";
				VERSIONING_SYSTEM = "";
				VERSION_INFO_PREFIX = "";
			};
			name = Release;
		};
		A69163A61A701754001E42F4 /* Debug */ = {
			isa = XCBuildConfiguration;
			buildSettings = {
				DYLIB_COMPATIBILITY_VERSION = 1;
				DYLIB_CURRENT_VERSION = 1;
				DYLIB_INSTALL_NAME_BASE = "@rpath";
				FRAMEWORK_VERSION = A;
				INFOPLIST_FILE = "$(SRCROOT)/MSNet_src/MSNet-Info.plist";
				INSTALL_PATH = /framework;
				LD_RUNPATH_SEARCH_PATHS = "$(inherited) @executable_path/../Frameworks @loader_path/Frameworks";
				PRODUCT_NAME = MSNet;
			};
			name = Debug;
		};
		A69163A71A701754001E42F4 /* Release */ = {
			isa = XCBuildConfiguration;
			buildSettings = {
				DYLIB_COMPATIBILITY_VERSION = 1;
				DYLIB_CURRENT_VERSION = 1;
				DYLIB_INSTALL_NAME_BASE = "@rpath";
				FRAMEWORK_VERSION = A;
				INFOPLIST_FILE = "$(SRCROOT)/MSNet_src/MSNet-Info.plist";
				INSTALL_PATH = /framework;
				LD_RUNPATH_SEARCH_PATHS = "$(inherited) @executable_path/../Frameworks @loader_path/Frameworks";
				PRODUCT_NAME = MSNet;
			};
			name = Release;
		};
		A6D3597A1A76D39A00B87986 /* Debug */ = {
			isa = XCBuildConfiguration;
			buildSettings = {
				DYLIB_COMPATIBILITY_VERSION = 1;
				DYLIB_CURRENT_VERSION = 1;
				EXECUTABLE_PREFIX = lib;
				INSTALL_PATH = /tests;
				OTHER_CFLAGS = "-DMSFOUNDATION_FORCOCOA";
				PRODUCT_NAME = MSNetTests;
			};
			name = Debug;
		};
		A6D3597B1A76D39A00B87986 /* Release */ = {
			isa = XCBuildConfiguration;
			buildSettings = {
				DYLIB_COMPATIBILITY_VERSION = 1;
				DYLIB_CURRENT_VERSION = 1;
				EXECUTABLE_PREFIX = lib;
				INSTALL_PATH = /tests;
				OTHER_CFLAGS = "-DMSFOUNDATION_FORCOCOA";
				PRODUCT_NAME = MSNetTests;
			};
			name = Release;
		};
		A6D928E41ACBE881009C4365 /* Debug */ = {
			isa = XCBuildConfiguration;
			buildSettings = {
				PRODUCT_NAME = "$(TARGET_NAME)";
			};
			name = Debug;
		};
		A6D928E51ACBE881009C4365 /* Release */ = {
			isa = XCBuildConfiguration;
			buildSettings = {
				PRODUCT_NAME = "$(TARGET_NAME)";
			};
			name = Release;
		};
/* End XCBuildConfiguration section */

/* Begin XCConfigurationList section */
		A6744DC11A9B685C00C32812 /* Build configuration list for PBXNativeTarget "MHServer_wo451" */ = {
			isa = XCConfigurationList;
			buildConfigurations = (
				A6744DC21A9B685C00C32812 /* Debug */,
				A6744DC31A9B685C00C32812 /* Release */,
			);
			defaultConfigurationIsVisible = 0;
			defaultConfigurationName = Release;
		};
		A691637D1A7016E6001E42F4 /* Build configuration list for PBXProject "MSNet" */ = {
			isa = XCConfigurationList;
			buildConfigurations = (
				A69163971A7016E6001E42F4 /* Debug */,
				A69163981A7016E6001E42F4 /* Release */,
			);
			defaultConfigurationIsVisible = 0;
			defaultConfigurationName = Release;
		};
		A69163A51A701754001E42F4 /* Build configuration list for PBXNativeTarget "MSNet_wo451" */ = {
			isa = XCConfigurationList;
			buildConfigurations = (
				A69163A61A701754001E42F4 /* Debug */,
				A69163A71A701754001E42F4 /* Release */,
			);
			defaultConfigurationIsVisible = 0;
			defaultConfigurationName = Release;
		};
		A6D359791A76D39A00B87986 /* Build configuration list for PBXNativeTarget "MSNetTests_wo451" */ = {
			isa = XCConfigurationList;
			buildConfigurations = (
				A6D3597A1A76D39A00B87986 /* Debug */,
				A6D3597B1A76D39A00B87986 /* Release */,
			);
			defaultConfigurationIsVisible = 0;
			defaultConfigurationName = Release;
		};
		A6D928E31ACBE881009C4365 /* Build configuration list for PBXAggregateTarget "All MSNet WO451" */ = {
			isa = XCConfigurationList;
			buildConfigurations = (
				A6D928E41ACBE881009C4365 /* Debug */,
				A6D928E51ACBE881009C4365 /* Release */,
			);
			defaultConfigurationIsVisible = 0;
			defaultConfigurationName = Release;
		};
/* End XCConfigurationList section */
	};
	rootObject = A691637A1A7016E6001E42F4 /* Project object */;
}
