// !$*UTF8*$!
{
	archiveVersion = 1;
	classes = {
	};
	objectVersion = 46;
	objects = {

/* Begin PBXAggregateTarget section */
		A6E03AA81A7634FF00A97DA3 /* All MHMessenger WO451 */ = {
			isa = PBXAggregateTarget;
			buildConfigurationList = A6E03AA91A7634FF00A97DA3 /* Build configuration list for PBXAggregateTarget "All MHMessenger WO451" */;
			buildPhases = (
			);
			dependencies = (
				A6744BFD1A9B46DD00C32812 /* PBXTargetDependency */,
				A6744DB41A9B66BD00C32812 /* PBXTargetDependency */,
			);
			name = "All MHMessenger WO451";
			productName = All;
		};
/* End PBXAggregateTarget section */

/* Begin PBXBuildFile section */
		A60572F81A9C913A00316144 /* MSNet.framework in Frameworks */ = {isa = PBXBuildFile; fileRef = A6744C011A9B49D800C32812 /* MSNet.framework */; };
		A60572F91A9C913B00316144 /* Foundation.framework in Frameworks */ = {isa = PBXBuildFile; fileRef = A6E03B8A1A767C5600A97DA3 /* Foundation.framework */; };
		A60572FB1A9C914800316144 /* MSFoundation.framework in Frameworks */ = {isa = PBXBuildFile; fileRef = A60572FA1A9C914800316144 /* MSFoundation.framework */; };
		A60573021A9C91CE00316144 /* MHMessengerClient.h in Headers */ = {isa = PBXBuildFile; fileRef = A60573001A9C91CE00316144 /* MHMessengerClient.h */; settings = {ATTRIBUTES = (Public, ); }; };
		A60573091A9C925B00316144 /* MHMessenger_Private.h in Headers */ = {isa = PBXBuildFile; fileRef = A60573071A9C925B00316144 /* MHMessenger_Private.h */; };
		A605730A1A9C925B00316144 /* MHMessenger_Public.h in Headers */ = {isa = PBXBuildFile; fileRef = A60573081A9C925B00316144 /* MHMessenger_Public.h */; };
		A605730D1A9C93D500316144 /* MHRepository.framework in Frameworks */ = {isa = PBXBuildFile; fileRef = A605730B1A9C93D500316144 /* MHRepository.framework */; };
		A605730E1A9C93D500316144 /* MSDatabase.framework in Frameworks */ = {isa = PBXBuildFile; fileRef = A605730C1A9C93D500316144 /* MSDatabase.framework */; };
		A605730F1A9C93FA00316144 /* DBMessengerMessage.m in Sources */ = {isa = PBXBuildFile; fileRef = A6744C9C1A9B63D900C32812 /* DBMessengerMessage.m */; };
		A60573101A9C93FA00316144 /* MHMessengerClient.m in Sources */ = {isa = PBXBuildFile; fileRef = A60573011A9C91CE00316144 /* MHMessengerClient.m */; };
		A60573111A9C93FA00316144 /* MHMessengerDBAccessor.m in Sources */ = {isa = PBXBuildFile; fileRef = A6744CA31A9B63D900C32812 /* MHMessengerDBAccessor.m */; };
		A60573121A9C93FA00316144 /* MHMessengerMessage.m in Sources */ = {isa = PBXBuildFile; fileRef = A6744CA61A9B63D900C32812 /* MHMessengerMessage.m */; };
		A60573131A9C93FA00316144 /* _MHMessengerMessagePrivate.m in Sources */ = {isa = PBXBuildFile; fileRef = A6744C9A1A9B63D900C32812 /* _MHMessengerMessagePrivate.m */; };
		A60573141A9C940800316144 /* MHMessengerApp.m in Sources */ = {isa = PBXBuildFile; fileRef = A60573051A9C91EF00316144 /* MHMessengerApp.m */; };
		A60573151A9C940B00316144 /* MHMessenger.framework in Frameworks */ = {isa = PBXBuildFile; fileRef = A6744D981A9B65C400C32812 /* MHMessenger.framework */; };
		A60573181A9C949800316144 /* MSFoundation.framework in Frameworks */ = {isa = PBXBuildFile; fileRef = A60572FA1A9C914800316144 /* MSFoundation.framework */; };
		A60573191A9C94B300316144 /* MHRepository.framework in Frameworks */ = {isa = PBXBuildFile; fileRef = A605730B1A9C93D500316144 /* MHRepository.framework */; };
		A60573B11A9CB03100316144 /* MHMessenger.h in Headers */ = {isa = PBXBuildFile; fileRef = A6744CA41A9B63D900C32812 /* MHMessenger.h */; settings = {ATTRIBUTES = (Public, ); }; };
		A60573B21A9CB03100316144 /* DBMessengerMessage.h in Headers */ = {isa = PBXBuildFile; fileRef = A6744C9B1A9B63D900C32812 /* DBMessengerMessage.h */; settings = {ATTRIBUTES = (Public, ); }; };
		A60573B31A9CB03100316144 /* MHMessengerDBAccessor.h in Headers */ = {isa = PBXBuildFile; fileRef = A6744CA21A9B63D900C32812 /* MHMessengerDBAccessor.h */; settings = {ATTRIBUTES = (Public, ); }; };
		A60573B41A9CB03100316144 /* MHMessengerMessage.h in Headers */ = {isa = PBXBuildFile; fileRef = A6744CA51A9B63D900C32812 /* MHMessengerMessage.h */; settings = {ATTRIBUTES = (Public, ); }; };
		A6744BE11A9B468400C32812 /* Foundation.framework in Frameworks */ = {isa = PBXBuildFile; fileRef = A6E03B8A1A767C5600A97DA3 /* Foundation.framework */; };
		A6744C021A9B49D800C32812 /* MSNet.framework in Frameworks */ = {isa = PBXBuildFile; fileRef = A6744C011A9B49D800C32812 /* MSNet.framework */; };
		A68121DF1A9DDF3000CC1290 /* 1.sql in Resources */ = {isa = PBXBuildFile; fileRef = A68121DC1A9DDF3000CC1290 /* 1.sql */; };
		A68121E01A9DDF3000CC1290 /* bundle.config in Resources */ = {isa = PBXBuildFile; fileRef = A68121DD1A9DDF3000CC1290 /* bundle.config */; };
		A68121E11A9DDF3000CC1290 /* version.config in Resources */ = {isa = PBXBuildFile; fileRef = A68121DE1A9DDF3000CC1290 /* version.config */; };
/* End PBXBuildFile section */

/* Begin PBXContainerItemProxy section */
		A60573161A9C941600316144 /* PBXContainerItemProxy */ = {
			isa = PBXContainerItemProxy;
			containerPortal = A691637A1A7016E6001E42F4 /* Project object */;
			proxyType = 1;
			remoteGlobalIDString = A6744D971A9B65C400C32812;
			remoteInfo = MHMessenger;
		};
		A644474D1AD6648B006A6264 /* PBXContainerItemProxy */ = {
			isa = PBXContainerItemProxy;
			containerPortal = A64447421AD6648B006A6264 /* MSDatabase.xcodeproj */;
			proxyType = 2;
			remoteGlobalIDString = A69163A81A701754001E42F4;
			remoteInfo = MSDatabase_wo451;
		};
		A644474F1AD6648B006A6264 /* PBXContainerItemProxy */ = {
			isa = PBXContainerItemProxy;
			containerPortal = A64447421AD6648B006A6264 /* MSDatabase.xcodeproj */;
			proxyType = 2;
			remoteGlobalIDString = A6D359781A76D39A00B87986;
			remoteInfo = MSDatabaseTests_wo451;
		};
		A64447511AD6648B006A6264 /* PBXContainerItemProxy */ = {
			isa = PBXContainerItemProxy;
			containerPortal = A64447421AD6648B006A6264 /* MSDatabase.xcodeproj */;
			proxyType = 2;
			remoteGlobalIDString = A6744BC31A9B41C800C32812;
			remoteInfo = MSODBCAdaptor_wo451;
		};
		A64447531AD6648B006A6264 /* PBXContainerItemProxy */ = {
			isa = PBXContainerItemProxy;
			containerPortal = A64447421AD6648B006A6264 /* MSDatabase.xcodeproj */;
			proxyType = 2;
			remoteGlobalIDString = A6744BE71A9B468400C32812;
			remoteInfo = MSSQLCipherAdaptor_wo451;
		};
		A64447591AD6648B006A6264 /* PBXContainerItemProxy */ = {
			isa = PBXContainerItemProxy;
			containerPortal = A64447451AD6648B006A6264 /* MSNet.xcodeproj */;
			proxyType = 2;
			remoteGlobalIDString = A69163A81A701754001E42F4;
			remoteInfo = MSNet_wo451;
		};
		A644475B1AD6648B006A6264 /* PBXContainerItemProxy */ = {
			isa = PBXContainerItemProxy;
			containerPortal = A64447451AD6648B006A6264 /* MSNet.xcodeproj */;
			proxyType = 2;
			remoteGlobalIDString = A6D359781A76D39A00B87986;
			remoteInfo = MSNetTests_wo451;
		};
		A644475D1AD6648B006A6264 /* PBXContainerItemProxy */ = {
			isa = PBXContainerItemProxy;
			containerPortal = A64447451AD6648B006A6264 /* MSNet.xcodeproj */;
			proxyType = 2;
			remoteGlobalIDString = A6744DBD1A9B685C00C32812;
			remoteInfo = MHServer_wo451;
		};
		A644475F1AD66498006A6264 /* PBXContainerItemProxy */ = {
			isa = PBXContainerItemProxy;
			containerPortal = A64447421AD6648B006A6264 /* MSDatabase.xcodeproj */;
			proxyType = 1;
			remoteGlobalIDString = A691639F1A701754001E42F4;
			remoteInfo = MSDatabase_wo451;
		};
		A64447611AD66498006A6264 /* PBXContainerItemProxy */ = {
			isa = PBXContainerItemProxy;
			containerPortal = A64447451AD6648B006A6264 /* MSNet.xcodeproj */;
			proxyType = 1;
			remoteGlobalIDString = A691639F1A701754001E42F4;
			remoteInfo = MSNet_wo451;
		};
		A6744BFC1A9B46DD00C32812 /* PBXContainerItemProxy */ = {
			isa = PBXContainerItemProxy;
			containerPortal = A691637A1A7016E6001E42F4 /* Project object */;
			proxyType = 1;
			remoteGlobalIDString = A6744BD81A9B468400C32812;
			remoteInfo = MSSQLCipherAdaptor;
		};
		A6744DB31A9B66BD00C32812 /* PBXContainerItemProxy */ = {
			isa = PBXContainerItemProxy;
			containerPortal = A691637A1A7016E6001E42F4 /* Project object */;
			proxyType = 1;
			remoteGlobalIDString = A6744D971A9B65C400C32812;
			remoteInfo = MHMessengerClient;
		};
		A6E200441AD6757B007A5292 /* PBXContainerItemProxy */ = {
			isa = PBXContainerItemProxy;
			containerPortal = A6E2003D1AD6757B007A5292 /* MHRepository.xcodeproj */;
			proxyType = 2;
			remoteGlobalIDString = A6744D981A9B65C400C32812;
			remoteInfo = MHRepository_wo451;
		};
		A6E200461AD6757B007A5292 /* PBXContainerItemProxy */ = {
			isa = PBXContainerItemProxy;
			containerPortal = A6E2003D1AD6757B007A5292 /* MHRepository.xcodeproj */;
			proxyType = 2;
			remoteGlobalIDString = A61738411A9B6C7000739DB0;
			remoteInfo = MHRepositoryServer_wo451;
		};
		A6E200481AD6757B007A5292 /* PBXContainerItemProxy */ = {
			isa = PBXContainerItemProxy;
			containerPortal = A6E2003D1AD6757B007A5292 /* MHRepository.xcodeproj */;
			proxyType = 2;
			remoteGlobalIDString = A6744BE71A9B468400C32812;
			remoteInfo = MHRepositoryAdministrator_wo451;
		};
		A6E2004A1AD6758D007A5292 /* PBXContainerItemProxy */ = {
			isa = PBXContainerItemProxy;
			containerPortal = A6E2003D1AD6757B007A5292 /* MHRepository.xcodeproj */;
			proxyType = 1;
			remoteGlobalIDString = A6744D971A9B65C400C32812;
			remoteInfo = MHRepository_wo451;
		};
/* End PBXContainerItemProxy section */

/* Begin PBXFileReference section */
		A60572FA1A9C914800316144 /* MSFoundation.framework */ = {isa = PBXFileReference; lastKnownFileType = wrapper.framework; name = MSFoundation.framework; path = /opt/microstep/opensourceversion/wo451/framework/MSFoundation.framework; sourceTree = "<absolute>"; };
		A60572FE1A9C91AE00316144 /* MHMessengerApp-Info.plist */ = {isa = PBXFileReference; fileEncoding = 4; lastKnownFileType = text.plist.xml; name = "MHMessengerApp-Info.plist"; path = "MHMessenger_src/MHMessengerApp-Info.plist"; sourceTree = SOURCE_ROOT; };
		A60573001A9C91CE00316144 /* MHMessengerClient.h */ = {isa = PBXFileReference; fileEncoding = 4; lastKnownFileType = sourcecode.c.h; name = MHMessengerClient.h; path = MHMessenger_src/MHMessengerClient.h; sourceTree = "<group>"; };
		A60573011A9C91CE00316144 /* MHMessengerClient.m */ = {isa = PBXFileReference; fileEncoding = 4; lastKnownFileType = sourcecode.c.objc; name = MHMessengerClient.m; path = MHMessenger_src/MHMessengerClient.m; sourceTree = "<group>"; };
		A60573041A9C91EF00316144 /* MHMessengerApp.h */ = {isa = PBXFileReference; fileEncoding = 4; lastKnownFileType = sourcecode.c.h; name = MHMessengerApp.h; path = MHMessenger_src/MHMessengerApp.h; sourceTree = SOURCE_ROOT; };
		A60573051A9C91EF00316144 /* MHMessengerApp.m */ = {isa = PBXFileReference; fileEncoding = 4; lastKnownFileType = sourcecode.c.objc; name = MHMessengerApp.m; path = MHMessenger_src/MHMessengerApp.m; sourceTree = SOURCE_ROOT; };
		A60573071A9C925B00316144 /* MHMessenger_Private.h */ = {isa = PBXFileReference; fileEncoding = 4; lastKnownFileType = sourcecode.c.h; name = MHMessenger_Private.h; path = MHMessenger_src/MHMessenger_Private.h; sourceTree = "<group>"; };
		A60573081A9C925B00316144 /* MHMessenger_Public.h */ = {isa = PBXFileReference; fileEncoding = 4; lastKnownFileType = sourcecode.c.h; name = MHMessenger_Public.h; path = MHMessenger_src/MHMessenger_Public.h; sourceTree = "<group>"; };
		A605730B1A9C93D500316144 /* MHRepository.framework */ = {isa = PBXFileReference; lastKnownFileType = wrapper.framework; name = MHRepository.framework; path = /opt/microstep/opensourceversion/wo451/framework/MHRepository.framework; sourceTree = "<absolute>"; };
		A605730C1A9C93D500316144 /* MSDatabase.framework */ = {isa = PBXFileReference; lastKnownFileType = wrapper.framework; name = MSDatabase.framework; path = /opt/microstep/opensourceversion/wo451/framework/MSDatabase.framework; sourceTree = "<absolute>"; };
		A64447421AD6648B006A6264 /* MSDatabase.xcodeproj */ = {isa = PBXFileReference; lastKnownFileType = "wrapper.pb-project"; name = MSDatabase.xcodeproj; path = /Users/vincentrouille/Dev/MicroStep/MicroStepBuilds/../MSFoundation/MSDatabase.xcodeproj; sourceTree = "<absolute>"; };
		A64447451AD6648B006A6264 /* MSNet.xcodeproj */ = {isa = PBXFileReference; lastKnownFileType = "wrapper.pb-project"; name = MSNet.xcodeproj; path = /Users/vincentrouille/Dev/MicroStep/MicroStepBuilds/../MSFoundation/MSNet.xcodeproj; sourceTree = "<absolute>"; };
		A6744BE71A9B468400C32812 /* MASHMessenger.bundle */ = {isa = PBXFileReference; explicitFileType = wrapper.cfbundle; includeInIndex = 0; path = MASHMessenger.bundle; sourceTree = BUILT_PRODUCTS_DIR; };
		A6744C011A9B49D800C32812 /* MSNet.framework */ = {isa = PBXFileReference; lastKnownFileType = wrapper.framework; name = MSNet.framework; path = "/opt/microstep/opensourceversion-wo451/framework/MSNet.framework"; sourceTree = "<absolute>"; };
		A6744C991A9B63D900C32812 /* _MHMessengerMessagePrivate.h */ = {isa = PBXFileReference; fileEncoding = 4; lastKnownFileType = sourcecode.c.h; name = _MHMessengerMessagePrivate.h; path = MHMessenger_src/_MHMessengerMessagePrivate.h; sourceTree = "<group>"; };
		A6744C9A1A9B63D900C32812 /* _MHMessengerMessagePrivate.m */ = {isa = PBXFileReference; fileEncoding = 4; lastKnownFileType = sourcecode.c.objc; name = _MHMessengerMessagePrivate.m; path = MHMessenger_src/_MHMessengerMessagePrivate.m; sourceTree = "<group>"; };
		A6744C9B1A9B63D900C32812 /* DBMessengerMessage.h */ = {isa = PBXFileReference; fileEncoding = 4; lastKnownFileType = sourcecode.c.h; name = DBMessengerMessage.h; path = MHMessenger_src/DBMessengerMessage.h; sourceTree = "<group>"; };
		A6744C9C1A9B63D900C32812 /* DBMessengerMessage.m */ = {isa = PBXFileReference; fileEncoding = 4; lastKnownFileType = sourcecode.c.objc; name = DBMessengerMessage.m; path = MHMessenger_src/DBMessengerMessage.m; sourceTree = "<group>"; };
		A6744C9D1A9B63D900C32812 /* MHMessenger-Info.plist */ = {isa = PBXFileReference; fileEncoding = 4; lastKnownFileType = text.plist.xml; name = "MHMessenger-Info.plist"; path = "MHMessenger_src/MHMessenger-Info.plist"; sourceTree = "<group>"; };
		A6744CA21A9B63D900C32812 /* MHMessengerDBAccessor.h */ = {isa = PBXFileReference; fileEncoding = 4; lastKnownFileType = sourcecode.c.h; name = MHMessengerDBAccessor.h; path = MHMessenger_src/MHMessengerDBAccessor.h; sourceTree = "<group>"; };
		A6744CA31A9B63D900C32812 /* MHMessengerDBAccessor.m */ = {isa = PBXFileReference; fileEncoding = 4; lastKnownFileType = sourcecode.c.objc; name = MHMessengerDBAccessor.m; path = MHMessenger_src/MHMessengerDBAccessor.m; sourceTree = "<group>"; };
		A6744CA41A9B63D900C32812 /* MHMessenger.h */ = {isa = PBXFileReference; fileEncoding = 4; lastKnownFileType = sourcecode.c.h; name = MHMessenger.h; path = MHMessenger_src/MHMessenger.h; sourceTree = "<group>"; };
		A6744CA51A9B63D900C32812 /* MHMessengerMessage.h */ = {isa = PBXFileReference; fileEncoding = 4; lastKnownFileType = sourcecode.c.h; name = MHMessengerMessage.h; path = MHMessenger_src/MHMessengerMessage.h; sourceTree = "<group>"; };
		A6744CA61A9B63D900C32812 /* MHMessengerMessage.m */ = {isa = PBXFileReference; fileEncoding = 4; lastKnownFileType = sourcecode.c.objc; name = MHMessengerMessage.m; path = MHMessenger_src/MHMessengerMessage.m; sourceTree = "<group>"; };
		A6744D981A9B65C400C32812 /* MHMessenger.framework */ = {isa = PBXFileReference; explicitFileType = wrapper.framework; includeInIndex = 0; path = MHMessenger.framework; sourceTree = BUILT_PRODUCTS_DIR; };
		A68121DC1A9DDF3000CC1290 /* 1.sql */ = {isa = PBXFileReference; fileEncoding = 4; lastKnownFileType = text; name = 1.sql; path = MHMessenger_src/Resources/1.sql; sourceTree = SOURCE_ROOT; };
		A68121DD1A9DDF3000CC1290 /* bundle.config */ = {isa = PBXFileReference; fileEncoding = 4; lastKnownFileType = text; name = bundle.config; path = MHMessenger_src/Resources/bundle.config; sourceTree = SOURCE_ROOT; };
		A68121DE1A9DDF3000CC1290 /* version.config */ = {isa = PBXFileReference; fileEncoding = 4; lastKnownFileType = text; name = version.config; path = MHMessenger_src/Resources/version.config; sourceTree = SOURCE_ROOT; };
		A6E03B8A1A767C5600A97DA3 /* Foundation.framework */ = {isa = PBXFileReference; lastKnownFileType = wrapper.framework; name = Foundation.framework; path = System/Library/Frameworks/Foundation.framework; sourceTree = SDKROOT; };
		A6E2003D1AD6757B007A5292 /* MHRepository.xcodeproj */ = {isa = PBXFileReference; lastKnownFileType = "wrapper.pb-project"; name = MHRepository.xcodeproj; path = /Users/vincentrouille/Dev/MicroStep/MicroStepBuilds/../MSRepository/MHRepository.xcodeproj; sourceTree = "<absolute>"; };
/* End PBXFileReference section */

/* Begin PBXFrameworksBuildPhase section */
		A6744BDF1A9B468400C32812 /* Frameworks */ = {
			isa = PBXFrameworksBuildPhase;
			buildActionMask = 2147483647;
			files = (
				A60573151A9C940B00316144 /* MHMessenger.framework in Frameworks */,
				A6744BE11A9B468400C32812 /* Foundation.framework in Frameworks */,
				A60573181A9C949800316144 /* MSFoundation.framework in Frameworks */,
				A60573191A9C94B300316144 /* MHRepository.framework in Frameworks */,
				A6744C021A9B49D800C32812 /* MSNet.framework in Frameworks */,
			);
			runOnlyForDeploymentPostprocessing = 0;
		};
		A6744D941A9B65C400C32812 /* Frameworks */ = {
			isa = PBXFrameworksBuildPhase;
			buildActionMask = 2147483647;
			files = (
				A605730D1A9C93D500316144 /* MHRepository.framework in Frameworks */,
				A605730E1A9C93D500316144 /* MSDatabase.framework in Frameworks */,
				A60572FB1A9C914800316144 /* MSFoundation.framework in Frameworks */,
				A60572F81A9C913A00316144 /* MSNet.framework in Frameworks */,
				A60572F91A9C913B00316144 /* Foundation.framework in Frameworks */,
			);
			runOnlyForDeploymentPostprocessing = 0;
		};
/* End PBXFrameworksBuildPhase section */

/* Begin PBXGroup section */
		A64447431AD6648B006A6264 /* Products */ = {
			isa = PBXGroup;
			children = (
				A644474E1AD6648B006A6264 /* MSDatabase.framework */,
				A64447501AD6648B006A6264 /* libMSDatabaseTests.dylib */,
				A64447521AD6648B006A6264 /* MSODBCAdaptor.dbadaptor */,
				A64447541AD6648B006A6264 /* MSSQLCipherAdaptor.dbadaptor */,
			);
			name = Products;
			sourceTree = "<group>";
		};
		A64447461AD6648B006A6264 /* Products */ = {
			isa = PBXGroup;
			children = (
				A644475A1AD6648B006A6264 /* MSNet.framework */,
				A644475C1AD6648B006A6264 /* libMSNetTests.dylib */,
				A644475E1AD6648B006A6264 /* MASHServer */,
			);
			name = Products;
			sourceTree = "<group>";
		};
		A6744D991A9B65C400C32812 /* MHMessengerApp */ = {
			isa = PBXGroup;
			children = (
				A60572FE1A9C91AE00316144 /* MHMessengerApp-Info.plist */,
				A60573041A9C91EF00316144 /* MHMessengerApp.h */,
				A60573051A9C91EF00316144 /* MHMessengerApp.m */,
				A68121DB1A9DDF1D00CC1290 /* Resources */,
			);
			name = MHMessengerApp;
			path = MHMessengerClient;
			sourceTree = "<group>";
		};
		A68121DB1A9DDF1D00CC1290 /* Resources */ = {
			isa = PBXGroup;
			children = (
				A68121DC1A9DDF3000CC1290 /* 1.sql */,
				A68121DD1A9DDF3000CC1290 /* bundle.config */,
				A68121DE1A9DDF3000CC1290 /* version.config */,
			);
			name = Resources;
			sourceTree = "<group>";
		};
		A69163791A7016E6001E42F4 = {
			isa = PBXGroup;
			children = (
				A6E2003D1AD6757B007A5292 /* MHRepository.xcodeproj */,
				A64447421AD6648B006A6264 /* MSDatabase.xcodeproj */,
				A64447451AD6648B006A6264 /* MSNet.xcodeproj */,
				A6E037F31A762FDC00A97DA3 /* MHMessenger */,
				A6744D991A9B65C400C32812 /* MHMessengerApp */,
				A69163861A7016E6001E42F4 /* Supporting Files */,
			);
			sourceTree = "<group>";
		};
		A69163841A7016E6001E42F4 /* Products */ = {
			isa = PBXGroup;
			children = (
				A6744BE71A9B468400C32812 /* MASHMessenger.bundle */,
				A6744D981A9B65C400C32812 /* MHMessenger.framework */,
			);
			name = Products;
			path = ..;
			sourceTree = "<group>";
		};
		A69163861A7016E6001E42F4 /* Supporting Files */ = {
			isa = PBXGroup;
			children = (
				A6E03B8C1A767DCA00A97DA3 /* Dependencies */,
				A69163841A7016E6001E42F4 /* Products */,
			);
			name = "Supporting Files";
			path = MSFoundation;
			sourceTree = "<group>";
		};
		A6E037F31A762FDC00A97DA3 /* MHMessenger */ = {
			isa = PBXGroup;
			children = (
				A6744C9D1A9B63D900C32812 /* MHMessenger-Info.plist */,
				A6744CA41A9B63D900C32812 /* MHMessenger.h */,
				A60573081A9C925B00316144 /* MHMessenger_Public.h */,
				A60573071A9C925B00316144 /* MHMessenger_Private.h */,
				A6744C9B1A9B63D900C32812 /* DBMessengerMessage.h */,
				A6744C9C1A9B63D900C32812 /* DBMessengerMessage.m */,
				A60573001A9C91CE00316144 /* MHMessengerClient.h */,
				A60573011A9C91CE00316144 /* MHMessengerClient.m */,
				A6744CA21A9B63D900C32812 /* MHMessengerDBAccessor.h */,
				A6744CA31A9B63D900C32812 /* MHMessengerDBAccessor.m */,
				A6744CA51A9B63D900C32812 /* MHMessengerMessage.h */,
				A6744CA61A9B63D900C32812 /* MHMessengerMessage.m */,
				A6744C991A9B63D900C32812 /* _MHMessengerMessagePrivate.h */,
				A6744C9A1A9B63D900C32812 /* _MHMessengerMessagePrivate.m */,
			);
			name = MHMessenger;
			sourceTree = "<group>";
		};
		A6E03B8C1A767DCA00A97DA3 /* Dependencies */ = {
			isa = PBXGroup;
			children = (
				A605730B1A9C93D500316144 /* MHRepository.framework */,
				A605730C1A9C93D500316144 /* MSDatabase.framework */,
				A60572FA1A9C914800316144 /* MSFoundation.framework */,
				A6744C011A9B49D800C32812 /* MSNet.framework */,
				A6E03B8A1A767C5600A97DA3 /* Foundation.framework */,
			);
			name = Dependencies;
			sourceTree = "<group>";
		};
		A6E2003E1AD6757B007A5292 /* Products */ = {
			isa = PBXGroup;
			children = (
				A6E200451AD6757B007A5292 /* MHRepository.framework */,
				A6E200471AD6757B007A5292 /* MASHRepositoryServer */,
				A6E200491AD6757B007A5292 /* MASHRepositoryAdministrator.bundle */,
			);
			name = Products;
			sourceTree = "<group>";
		};
/* End PBXGroup section */

/* Begin PBXHeadersBuildPhase section */
		A6744D951A9B65C400C32812 /* Headers */ = {
			isa = PBXHeadersBuildPhase;
			buildActionMask = 2147483647;
			files = (
				A60573021A9C91CE00316144 /* MHMessengerClient.h in Headers */,
				A60573B11A9CB03100316144 /* MHMessenger.h in Headers */,
				A60573B31A9CB03100316144 /* MHMessengerDBAccessor.h in Headers */,
				A605730A1A9C925B00316144 /* MHMessenger_Public.h in Headers */,
				A60573091A9C925B00316144 /* MHMessenger_Private.h in Headers */,
				A60573B41A9CB03100316144 /* MHMessengerMessage.h in Headers */,
				A60573B21A9CB03100316144 /* DBMessengerMessage.h in Headers */,
			);
			runOnlyForDeploymentPostprocessing = 0;
		};
/* End PBXHeadersBuildPhase section */

/* Begin PBXNativeTarget section */
		A6744BD81A9B468400C32812 /* MHMessengerApp_wo451 */ = {
			isa = PBXNativeTarget;
			buildConfigurationList = A6744BE41A9B468400C32812 /* Build configuration list for PBXNativeTarget "MHMessengerApp_wo451" */;
			buildPhases = (
				A6744BDB1A9B468400C32812 /* Sources */,
				A6744BDF1A9B468400C32812 /* Frameworks */,
				A6744BE31A9B468400C32812 /* Resources */,
			);
			buildRules = (
			);
			dependencies = (
				A60573171A9C941600316144 /* PBXTargetDependency */,
			);
			name = MHMessengerApp_wo451;
			productName = MSODBCAdaptor;
			productReference = A6744BE71A9B468400C32812 /* MASHMessenger.bundle */;
			productType = "com.apple.product-type.bundle";
		};
		A6744D971A9B65C400C32812 /* MHMessenger_wo451 */ = {
			isa = PBXNativeTarget;
			buildConfigurationList = A6744DAB1A9B65C400C32812 /* Build configuration list for PBXNativeTarget "MHMessenger_wo451" */;
			buildPhases = (
				A6744D931A9B65C400C32812 /* Sources */,
				A6744D941A9B65C400C32812 /* Frameworks */,
				A6744D951A9B65C400C32812 /* Headers */,
				A6744D961A9B65C400C32812 /* Resources */,
			);
			buildRules = (
			);
			dependencies = (
				A6E2004B1AD6758D007A5292 /* PBXTargetDependency */,
				A64447601AD66498006A6264 /* PBXTargetDependency */,
				A64447621AD66498006A6264 /* PBXTargetDependency */,
			);
			name = MHMessenger_wo451;
			productName = MHMessengerClient;
			productReference = A6744D981A9B65C400C32812 /* MHMessenger.framework */;
			productType = "com.apple.product-type.framework";
		};
/* End PBXNativeTarget section */

/* Begin PBXProject section */
		A691637A1A7016E6001E42F4 /* Project object */ = {
			isa = PBXProject;
			attributes = {
				LastUpgradeCheck = 0610;
				MicroStepPlugin = {
					CrossCompilationToolchains = {
						wo451 = {
							addIncludePaths = 3rdparty/wo451/include;
							addLibraryPaths = 3rdparty/wo451/lib;
							delCompilationFlags = "-Wconversion;-Wselector;-Wshadow";
							wo451BinariesPath = "D:\\MicroStepCC\\Executables";
							wo451BundlesPath = "D:\\MicroStepCC\\Bundles";
							wo451FrameworksPath = "D:\\MicroStepCC\\Frameworks";
							wo451Install = 1;
						};
					};
				};
				ORGANIZATIONNAME = OpenMicroStep;
				TargetAttributes = {
					A6744D971A9B65C400C32812 = {
						CreatedOnToolsVersion = 6.1.1;
					};
					A6E03AA81A7634FF00A97DA3 = {
						CreatedOnToolsVersion = 6.1.1;
					};
				};
			};
			buildConfigurationList = A691637D1A7016E6001E42F4 /* Build configuration list for PBXProject "MHMessenger" */;
			compatibilityVersion = "Xcode 3.2";
			developmentRegion = English;
			hasScannedForEncodings = 0;
			knownRegions = (
				en,
			);
			mainGroup = A69163791A7016E6001E42F4;
			productRefGroup = A69163841A7016E6001E42F4 /* Products */;
			projectDirPath = "";
			projectReferences = (
				{
					ProductGroup = A6E2003E1AD6757B007A5292 /* Products */;
					ProjectRef = A6E2003D1AD6757B007A5292 /* MHRepository.xcodeproj */;
				},
				{
					ProductGroup = A64447431AD6648B006A6264 /* Products */;
					ProjectRef = A64447421AD6648B006A6264 /* MSDatabase.xcodeproj */;
				},
				{
					ProductGroup = A64447461AD6648B006A6264 /* Products */;
					ProjectRef = A64447451AD6648B006A6264 /* MSNet.xcodeproj */;
				},
			);
			projectRoot = "";
			targets = (
				A6E03AA81A7634FF00A97DA3 /* All MHMessenger WO451 */,
				A6744BD81A9B468400C32812 /* MHMessengerApp_wo451 */,
				A6744D971A9B65C400C32812 /* MHMessenger_wo451 */,
			);
		};
/* End PBXProject section */

/* Begin PBXReferenceProxy section */
		A644474E1AD6648B006A6264 /* MSDatabase.framework */ = {
			isa = PBXReferenceProxy;
			fileType = wrapper.framework;
			path = MSDatabase.framework;
			remoteRef = A644474D1AD6648B006A6264 /* PBXContainerItemProxy */;
			sourceTree = BUILT_PRODUCTS_DIR;
		};
		A64447501AD6648B006A6264 /* libMSDatabaseTests.dylib */ = {
			isa = PBXReferenceProxy;
			fileType = "compiled.mach-o.dylib";
			path = libMSDatabaseTests.dylib;
			remoteRef = A644474F1AD6648B006A6264 /* PBXContainerItemProxy */;
			sourceTree = BUILT_PRODUCTS_DIR;
		};
		A64447521AD6648B006A6264 /* MSODBCAdaptor.dbadaptor */ = {
			isa = PBXReferenceProxy;
			fileType = wrapper.cfbundle;
			path = MSODBCAdaptor.dbadaptor;
			remoteRef = A64447511AD6648B006A6264 /* PBXContainerItemProxy */;
			sourceTree = BUILT_PRODUCTS_DIR;
		};
		A64447541AD6648B006A6264 /* MSSQLCipherAdaptor.dbadaptor */ = {
			isa = PBXReferenceProxy;
			fileType = wrapper.cfbundle;
			path = MSSQLCipherAdaptor.dbadaptor;
			remoteRef = A64447531AD6648B006A6264 /* PBXContainerItemProxy */;
			sourceTree = BUILT_PRODUCTS_DIR;
		};
		A644475A1AD6648B006A6264 /* MSNet.framework */ = {
			isa = PBXReferenceProxy;
			fileType = wrapper.framework;
			path = MSNet.framework;
			remoteRef = A64447591AD6648B006A6264 /* PBXContainerItemProxy */;
			sourceTree = BUILT_PRODUCTS_DIR;
		};
		A644475C1AD6648B006A6264 /* libMSNetTests.dylib */ = {
			isa = PBXReferenceProxy;
			fileType = "compiled.mach-o.dylib";
			path = libMSNetTests.dylib;
			remoteRef = A644475B1AD6648B006A6264 /* PBXContainerItemProxy */;
			sourceTree = BUILT_PRODUCTS_DIR;
		};
		A644475E1AD6648B006A6264 /* MASHServer */ = {
			isa = PBXReferenceProxy;
			fileType = "compiled.mach-o.executable";
			path = MASHServer;
			remoteRef = A644475D1AD6648B006A6264 /* PBXContainerItemProxy */;
			sourceTree = BUILT_PRODUCTS_DIR;
		};
		A6E200451AD6757B007A5292 /* MHRepository.framework */ = {
			isa = PBXReferenceProxy;
			fileType = wrapper.framework;
			path = MHRepository.framework;
			remoteRef = A6E200441AD6757B007A5292 /* PBXContainerItemProxy */;
			sourceTree = BUILT_PRODUCTS_DIR;
		};
		A6E200471AD6757B007A5292 /* MASHRepositoryServer */ = {
			isa = PBXReferenceProxy;
			fileType = "compiled.mach-o.executable";
			path = MASHRepositoryServer;
			remoteRef = A6E200461AD6757B007A5292 /* PBXContainerItemProxy */;
			sourceTree = BUILT_PRODUCTS_DIR;
		};
		A6E200491AD6757B007A5292 /* MASHRepositoryAdministrator.bundle */ = {
			isa = PBXReferenceProxy;
			fileType = wrapper.cfbundle;
			path = MASHRepositoryAdministrator.bundle;
			remoteRef = A6E200481AD6757B007A5292 /* PBXContainerItemProxy */;
			sourceTree = BUILT_PRODUCTS_DIR;
		};
/* End PBXReferenceProxy section */

/* Begin PBXResourcesBuildPhase section */
		A6744BE31A9B468400C32812 /* Resources */ = {
			isa = PBXResourcesBuildPhase;
			buildActionMask = 2147483647;
			files = (
				A68121DF1A9DDF3000CC1290 /* 1.sql in Resources */,
				A68121E11A9DDF3000CC1290 /* version.config in Resources */,
				A68121E01A9DDF3000CC1290 /* bundle.config in Resources */,
			);
			runOnlyForDeploymentPostprocessing = 0;
		};
		A6744D961A9B65C400C32812 /* Resources */ = {
			isa = PBXResourcesBuildPhase;
			buildActionMask = 2147483647;
			files = (
			);
			runOnlyForDeploymentPostprocessing = 0;
		};
/* End PBXResourcesBuildPhase section */

/* Begin PBXSourcesBuildPhase section */
		A6744BDB1A9B468400C32812 /* Sources */ = {
			isa = PBXSourcesBuildPhase;
			buildActionMask = 2147483647;
			files = (
				A60573141A9C940800316144 /* MHMessengerApp.m in Sources */,
			);
			runOnlyForDeploymentPostprocessing = 0;
		};
		A6744D931A9B65C400C32812 /* Sources */ = {
			isa = PBXSourcesBuildPhase;
			buildActionMask = 2147483647;
			files = (
				A605730F1A9C93FA00316144 /* DBMessengerMessage.m in Sources */,
				A60573101A9C93FA00316144 /* MHMessengerClient.m in Sources */,
				A60573111A9C93FA00316144 /* MHMessengerDBAccessor.m in Sources */,
				A60573121A9C93FA00316144 /* MHMessengerMessage.m in Sources */,
				A60573131A9C93FA00316144 /* _MHMessengerMessagePrivate.m in Sources */,
			);
			runOnlyForDeploymentPostprocessing = 0;
		};
/* End PBXSourcesBuildPhase section */

/* Begin PBXTargetDependency section */
		A60573171A9C941600316144 /* PBXTargetDependency */ = {
			isa = PBXTargetDependency;
			target = A6744D971A9B65C400C32812 /* MHMessenger_wo451 */;
			targetProxy = A60573161A9C941600316144 /* PBXContainerItemProxy */;
		};
		A64447601AD66498006A6264 /* PBXTargetDependency */ = {
			isa = PBXTargetDependency;
			name = MSDatabase_wo451;
			targetProxy = A644475F1AD66498006A6264 /* PBXContainerItemProxy */;
		};
		A64447621AD66498006A6264 /* PBXTargetDependency */ = {
			isa = PBXTargetDependency;
			name = MSNet_wo451;
			targetProxy = A64447611AD66498006A6264 /* PBXContainerItemProxy */;
		};
		A6744BFD1A9B46DD00C32812 /* PBXTargetDependency */ = {
			isa = PBXTargetDependency;
			target = A6744BD81A9B468400C32812 /* MHMessengerApp_wo451 */;
			targetProxy = A6744BFC1A9B46DD00C32812 /* PBXContainerItemProxy */;
		};
		A6744DB41A9B66BD00C32812 /* PBXTargetDependency */ = {
			isa = PBXTargetDependency;
			target = A6744D971A9B65C400C32812 /* MHMessenger_wo451 */;
			targetProxy = A6744DB31A9B66BD00C32812 /* PBXContainerItemProxy */;
		};
		A6E2004B1AD6758D007A5292 /* PBXTargetDependency */ = {
			isa = PBXTargetDependency;
			name = MHRepository_wo451;
			targetProxy = A6E2004A1AD6758D007A5292 /* PBXContainerItemProxy */;
		};
/* End PBXTargetDependency section */

/* Begin XCBuildConfiguration section */
		A6744BE51A9B468400C32812 /* Debug */ = {
			isa = XCBuildConfiguration;
			buildSettings = {
				INFOPLIST_FILE = "MHMessenger_src/MHMessengerApp-Info.plist";
				INSTALL_PATH = /bundle;
				PRODUCT_NAME = MASHMessenger;
				WRAPPER_EXTENSION = bundle;
			};
			name = Debug;
		};
		A6744BE61A9B468400C32812 /* Release */ = {
			isa = XCBuildConfiguration;
			buildSettings = {
				INFOPLIST_FILE = "MHMessenger_src/MHMessengerApp-Info.plist";
				INSTALL_PATH = /bundle;
				PRODUCT_NAME = MASHMessenger;
				WRAPPER_EXTENSION = bundle;
			};
			name = Release;
		};
		A6744DAC1A9B65C400C32812 /* Debug */ = {
			isa = XCBuildConfiguration;
			buildSettings = {
				COMBINE_HIDPI_IMAGES = YES;
				DYLIB_COMPATIBILITY_VERSION = 1;
				DYLIB_CURRENT_VERSION = 1;
				DYLIB_INSTALL_NAME_BASE = "@rpath";
				FRAMEWORK_VERSION = A;
				INFOPLIST_FILE = "MHMessenger_src/MHMessenger-Info.plist";
				INSTALL_PATH = /framework;
				LD_RUNPATH_SEARCH_PATHS = "$(inherited) @executable_path/../Frameworks @loader_path/Frameworks";
				PRODUCT_NAME = MHMessenger;
			};
			name = Debug;
		};
		A6744DAD1A9B65C400C32812 /* Release */ = {
			isa = XCBuildConfiguration;
			buildSettings = {
				COMBINE_HIDPI_IMAGES = YES;
				DYLIB_COMPATIBILITY_VERSION = 1;
				DYLIB_CURRENT_VERSION = 1;
				DYLIB_INSTALL_NAME_BASE = "@rpath";
				FRAMEWORK_VERSION = A;
				INFOPLIST_FILE = "MHMessenger_src/MHMessenger-Info.plist";
				INSTALL_PATH = /framework;
				LD_RUNPATH_SEARCH_PATHS = "$(inherited) @executable_path/../Frameworks @loader_path/Frameworks";
				PRODUCT_NAME = MHMessenger;
			};
			name = Release;
		};
		A69163971A7016E6001E42F4 /* Debug */ = {
			isa = XCBuildConfiguration;
			buildSettings = {
				ALWAYS_SEARCH_USER_PATHS = NO;
				CLANG_CXX_LANGUAGE_STANDARD = "c++0x";
				CLANG_CXX_LIBRARY = "libc++";
				CLANG_ENABLE_MODULES = NO;
				CLANG_ENABLE_OBJC_ARC = NO;
				CLANG_LINK_OBJC_RUNTIME = NO;
				CLANG_MODULES_AUTOLINK = NO;
				CLANG_WARN_BOOL_CONVERSION = YES;
				CLANG_WARN_CONSTANT_CONVERSION = YES;
				CLANG_WARN_DIRECT_OBJC_ISA_USAGE = NO;
				CLANG_WARN_EMPTY_BODY = YES;
				CLANG_WARN_ENUM_CONVERSION = YES;
				CLANG_WARN_INT_CONVERSION = YES;
				CLANG_WARN_OBJC_IMPLICIT_ATOMIC_PROPERTIES = YES;
				CLANG_WARN_OBJC_MISSING_PROPERTY_SYNTHESIS = YES;
				CLANG_WARN_OBJC_ROOT_CLASS = NO;
				CLANG_WARN_UNREACHABLE_CODE = YES;
				CLANG_WARN__DUPLICATE_METHOD_MATCH = YES;
				COPY_PHASE_STRIP = NO;
				CURRENT_PROJECT_VERSION = 1;
				DEPLOYMENT_LOCATION = YES;
				DSTROOT = $MICROSTEP_PATH/;
				ENABLE_STRICT_OBJC_MSGSEND = YES;
				FRAMEWORK_SEARCH_PATHS = $MICROSTEP_PATH/framework;
				GCC_C_LANGUAGE_STANDARD = c11;
				GCC_DYNAMIC_NO_PIC = NO;
				GCC_OPTIMIZATION_LEVEL = 0;
				GCC_PREPROCESSOR_DEFINITIONS = (
					"DEBUG=1",
					"$(inherited)",
				);
				GCC_SYMBOLS_PRIVATE_EXTERN = NO;
				GCC_TREAT_IMPLICIT_FUNCTION_DECLARATIONS_AS_ERRORS = YES;
				GCC_VERSION = com.apple.compilers.crosscompilation;
				GCC_WARN_64_TO_32_BIT_CONVERSION = YES;
				GCC_WARN_ABOUT_MISSING_FIELD_INITIALIZERS = NO;
				GCC_WARN_ABOUT_MISSING_NEWLINE = YES;
				GCC_WARN_ABOUT_RETURN_TYPE = YES_ERROR;
				GCC_WARN_ALLOW_INCOMPLETE_PROTOCOL = YES;
				GCC_WARN_CHECK_SWITCH_STATEMENTS = YES;
				GCC_WARN_MULTIPLE_DEFINITION_TYPES_FOR_SELECTOR = NO;
				GCC_WARN_UNDECLARED_SELECTOR = YES;
				GCC_WARN_UNINITIALIZED_AUTOS = YES_AGGRESSIVE;
				GCC_WARN_UNUSED_FUNCTION = YES;
				GCC_WARN_UNUSED_VARIABLE = YES;
				HEADER_SEARCH_PATHS = (
					"$(PROJECT_DIR)/../MSFoundation/3rdparty/$(MICROSTEP_ARCH)/include",
					$MICROSTEP_PATH/include,
				);
				LIBRARY_SEARCH_PATHS = "";
				MACOSX_DEPLOYMENT_TARGET = 10.10;
				MICROSTEP_ARCH = wo451;
				MICROSTEP_PATH = /opt/microstep/$MICROSTEP_ARCH;
				MSOBJC_C_FLAGS = "";
				MTL_ENABLE_DEBUG_INFO = YES;
				ONLY_ACTIVE_ARCH = YES;
				OTHER_CFLAGS = "-DMSFOUNDATION_FORCOCOA";
				SDKROOT = "cross-compilation";
				VERSIONING_SYSTEM = "";
				VERSION_INFO_PREFIX = "";
			};
			name = Debug;
		};
		A69163981A7016E6001E42F4 /* Release */ = {
			isa = XCBuildConfiguration;
			buildSettings = {
				ALWAYS_SEARCH_USER_PATHS = NO;
				CLANG_CXX_LANGUAGE_STANDARD = "c++0x";
				CLANG_CXX_LIBRARY = "libc++";
				CLANG_ENABLE_MODULES = NO;
				CLANG_ENABLE_OBJC_ARC = NO;
				CLANG_LINK_OBJC_RUNTIME = NO;
				CLANG_MODULES_AUTOLINK = NO;
				CLANG_WARN_BOOL_CONVERSION = YES;
				CLANG_WARN_CONSTANT_CONVERSION = YES;
				CLANG_WARN_DIRECT_OBJC_ISA_USAGE = NO;
				CLANG_WARN_EMPTY_BODY = YES;
				CLANG_WARN_ENUM_CONVERSION = YES;
				CLANG_WARN_INT_CONVERSION = YES;
				CLANG_WARN_OBJC_IMPLICIT_ATOMIC_PROPERTIES = YES;
				CLANG_WARN_OBJC_MISSING_PROPERTY_SYNTHESIS = YES;
				CLANG_WARN_OBJC_ROOT_CLASS = NO;
				CLANG_WARN_UNREACHABLE_CODE = YES;
				CLANG_WARN__DUPLICATE_METHOD_MATCH = YES;
				COPY_PHASE_STRIP = YES;
				CURRENT_PROJECT_VERSION = 1;
				DEBUG_INFORMATION_FORMAT = "dwarf-with-dsym";
				DEPLOYMENT_LOCATION = YES;
				DSTROOT = $MICROSTEP_PATH/;
				ENABLE_NS_ASSERTIONS = NO;
				ENABLE_STRICT_OBJC_MSGSEND = YES;
				FRAMEWORK_SEARCH_PATHS = $MICROSTEP_PATH/framework;
				GCC_C_LANGUAGE_STANDARD = c11;
				GCC_TREAT_IMPLICIT_FUNCTION_DECLARATIONS_AS_ERRORS = YES;
				GCC_VERSION = com.apple.compilers.crosscompilation;
				GCC_WARN_64_TO_32_BIT_CONVERSION = YES;
				GCC_WARN_ABOUT_MISSING_FIELD_INITIALIZERS = NO;
				GCC_WARN_ABOUT_MISSING_NEWLINE = YES;
				GCC_WARN_ABOUT_RETURN_TYPE = YES_ERROR;
				GCC_WARN_ALLOW_INCOMPLETE_PROTOCOL = YES;
				GCC_WARN_CHECK_SWITCH_STATEMENTS = YES;
				GCC_WARN_MULTIPLE_DEFINITION_TYPES_FOR_SELECTOR = NO;
				GCC_WARN_UNDECLARED_SELECTOR = YES;
				GCC_WARN_UNINITIALIZED_AUTOS = YES_AGGRESSIVE;
				GCC_WARN_UNUSED_FUNCTION = YES;
				GCC_WARN_UNUSED_VARIABLE = YES;
				HEADER_SEARCH_PATHS = (
					"$(PROJECT_DIR)/../MSFoundation/3rdparty/$(MICROSTEP_ARCH)/include",
					$MICROSTEP_PATH/include,
				);
				LIBRARY_SEARCH_PATHS = "";
				MACOSX_DEPLOYMENT_TARGET = 10.10;
				MICROSTEP_ARCH = wo451;
				MICROSTEP_PATH = /opt/microstep/$MICROSTEP_ARCH;
				MSOBJC_C_FLAGS = "";
				MTL_ENABLE_DEBUG_INFO = NO;
				OTHER_CFLAGS = "-DMSFOUNDATION_FORCOCOA";
				SDKROOT = "cross-compilation";
				VERSIONING_SYSTEM = "";
				VERSION_INFO_PREFIX = "";
			};
			name = Release;
		};
		A6E03AAA1A7634FF00A97DA3 /* Debug */ = {
			isa = XCBuildConfiguration;
			buildSettings = {
				PRODUCT_NAME = "$(TARGET_NAME)";
			};
			name = Debug;
		};
		A6E03AAB1A7634FF00A97DA3 /* Release */ = {
			isa = XCBuildConfiguration;
			buildSettings = {
				PRODUCT_NAME = "$(TARGET_NAME)";
			};
			name = Release;
		};
/* End XCBuildConfiguration section */

/* Begin XCConfigurationList section */
		A6744BE41A9B468400C32812 /* Build configuration list for PBXNativeTarget "MHMessengerApp_wo451" */ = {
			isa = XCConfigurationList;
			buildConfigurations = (
				A6744BE51A9B468400C32812 /* Debug */,
				A6744BE61A9B468400C32812 /* Release */,
			);
			defaultConfigurationIsVisible = 0;
			defaultConfigurationName = Release;
		};
		A6744DAB1A9B65C400C32812 /* Build configuration list for PBXNativeTarget "MHMessenger_wo451" */ = {
			isa = XCConfigurationList;
			buildConfigurations = (
				A6744DAC1A9B65C400C32812 /* Debug */,
				A6744DAD1A9B65C400C32812 /* Release */,
			);
			defaultConfigurationIsVisible = 0;
			defaultConfigurationName = Release;
		};
		A691637D1A7016E6001E42F4 /* Build configuration list for PBXProject "MHMessenger" */ = {
			isa = XCConfigurationList;
			buildConfigurations = (
				A69163971A7016E6001E42F4 /* Debug */,
				A69163981A7016E6001E42F4 /* Release */,
			);
			defaultConfigurationIsVisible = 0;
			defaultConfigurationName = Release;
		};
		A6E03AA91A7634FF00A97DA3 /* Build configuration list for PBXAggregateTarget "All MHMessenger WO451" */ = {
			isa = XCConfigurationList;
			buildConfigurations = (
				A6E03AAA1A7634FF00A97DA3 /* Debug */,
				A6E03AAB1A7634FF00A97DA3 /* Release */,
			);
			defaultConfigurationIsVisible = 0;
			defaultConfigurationName = Release;
		};
/* End XCConfigurationList section */
	};
	rootObject = A691637A1A7016E6001E42F4 /* Project object */;
}
